// !$*UTF8*$!
{
	archiveVersion = 1;
	classes = {
	};
	objectVersion = 56;
	objects = {

/* Begin PBXBuildFile section */
		31A99118C450455A9EB126A3 /* CoreUtilityTests.swift in Sources */ = {isa = PBXBuildFile; fileRef = 680C2C1FFFC24A558E0749EF /* CoreUtilityTests.swift */; };
		6D5145689BBA401E9F9A6B4E /* SchemaAndRoutesTests.swift in Sources */ = {isa = PBXBuildFile; fileRef = 0728089319F94FFD92D17398 /* SchemaAndRoutesTests.swift */; };
		70B0F38EDDB34766A54C800C /* ExportServiceTests.swift in Sources */ = {isa = PBXBuildFile; fileRef = 146E38A60EAA48E8998FE29E /* ExportServiceTests.swift */; };
		84485053D86C4C36B1C08176 /* VehiclePairingServiceTests.swift in Sources */ = {isa = PBXBuildFile; fileRef = D27C68D0744C4C15A3A90CA5 /* VehiclePairingServiceTests.swift */; };
		34963008383C46C9AED3EB3F /* RecordingAndTripStoreTests.swift in Sources */ = {isa = PBXBuildFile; fileRef = 5F72FCAD53FB446AB328BFDB /* RecordingAndTripStoreTests.swift */; };
		79AF138CC27D42D5A5706CE0 /* AppNotificationStoreTests.swift in Sources */ = {isa = PBXBuildFile; fileRef = 503EDD2BA22145E29CA8E8CF /* AppNotificationStoreTests.swift */; };
		2F9B0A4F1BE54805A33ABEFE /* PlaceMatchingServiceTests.swift in Sources */ = {isa = PBXBuildFile; fileRef = FEB9972A494149F39AC324E8 /* PlaceMatchingServiceTests.swift */; };
		FDC70700ED3E453AB0C0717C /* TripMergeServiceTests.swift in Sources */ = {isa = PBXBuildFile; fileRef = B25051FE8D9646B29D5CB399 /* TripMergeServiceTests.swift */; };
		453BA3010284438C8CDF8625 /* SharedUtilityTests.swift in Sources */ = {isa = PBXBuildFile; fileRef = 88CDA56F4C5F4F17B7BA444B /* SharedUtilityTests.swift */; };
		758E16EF823A4C11AF63E386 /* AsyncTestHelpers.swift in Sources */ = {isa = PBXBuildFile; fileRef = F1CACB072FD14826A77B2F07 /* AsyncTestHelpers.swift */; };
		E6D65ED49D8B4A9DB86D1780 /* DeviceTestChecklist.swift in Sources */ = {isa = PBXBuildFile; fileRef = AA172385AFDA42598F25DB54 /* DeviceTestChecklist.swift */; };
		5A2B518B13004DE0B03A23C7 /* StatsViewModelTests.swift in Sources */ = {isa = PBXBuildFile; fileRef = 9B57D663C0CE4CCEA7248CD7 /* StatsViewModelTests.swift */; };
		7CA556B1354841968D6A7B6A /* TripListViewModelTests.swift in Sources */ = {isa = PBXBuildFile; fileRef = 08C87FC8A26C4A6EA398957B /* TripListViewModelTests.swift */; };
		11F35147CE734D97BC54018F /* TripMapFitTests.swift in Sources */ = {isa = PBXBuildFile; fileRef = D20A66CD27F5441FBFBED1DA /* TripMapFitTests.swift */; };
		FE66D8F632864E20B28005DB /* TrailhoundUITests.swift in Sources */ = {isa = PBXBuildFile; fileRef = D21645BDE12E4D84BEA2D551 /* TrailhoundUITests.swift */; };
		0B85812565284933BEBC7212 /* GeocodingRetryService.swift in Sources */ = {isa = PBXBuildFile; fileRef = 82C9C269375F4C05AFEA8817 /* GeocodingRetryService.swift */; };
		1498DD740E004FB9AC44D2F3 /* TripStop.swift in Sources */ = {isa = PBXBuildFile; fileRef = AF0E09B4CEDD485E9B744E57 /* TripStop.swift */; };
		3B1BCB066B68458F963D7027 /* PlacePickerView.swift in Sources */ = {isa = PBXBuildFile; fileRef = 89C5F75B18D74EB4B35E48C0 /* PlacePickerView.swift */; };
		4ED9865E047546A39C7E466C /* AppLockView.swift in Sources */ = {isa = PBXBuildFile; fileRef = 1F8346A303B84C5089017287 /* AppLockView.swift */; };
		55259EE2E03648A4B6AAC434 /* FuelCostCalculator.swift in Sources */ = {isa = PBXBuildFile; fileRef = 5E100D096E5B474C8C3CC6EB /* FuelCostCalculator.swift */; };
		A2TRIPSTORE000000000002 /* TripStore.swift in Sources */ = {isa = PBXBuildFile; fileRef = A2TRIPSTORE000000000001 /* TripStore.swift */; };
		A2TRIPDATEGROUP000000002 /* TripDateGrouping.swift in Sources */ = {isa = PBXBuildFile; fileRef = A2TRIPDATEGROUP000000001 /* TripDateGrouping.swift */; };
		A2TRIPMAPSNAP00000000002 /* TripMapSnapshotCache.swift in Sources */ = {isa = PBXBuildFile; fileRef = A2TRIPMAPSNAP00000000001 /* TripMapSnapshotCache.swift */; };
		6FD1FB9C54054D94B99EEDBC /* TripMergeService.swift in Sources */ = {isa = PBXBuildFile; fileRef = 4B6254BADAB2452485AC086C /* TripMergeService.swift */; };
		9DEF992CAAFE49179A961E87 /* TripRecordingIntents.swift in Sources */ = {isa = PBXBuildFile; fileRef = F138262CDC1E4889B99374A4 /* TripRecordingIntents.swift */; };
		9FC941CE9E154F36B46E5A02 /* PlaceMatchingService.swift in Sources */ = {isa = PBXBuildFile; fileRef = E915A26582304556AF11A8CC /* PlaceMatchingService.swift */; };
		A10000000000000000000001 /* TrailhoundApp.swift in Sources */ = {isa = PBXBuildFile; fileRef = A20000000000000000000001 /* TrailhoundApp.swift */; };
		A10000000000000000000002 /* ContentView.swift in Sources */ = {isa = PBXBuildFile; fileRef = A20000000000000000000002 /* ContentView.swift */; };
		A10000000000000000000003 /* Trip.swift in Sources */ = {isa = PBXBuildFile; fileRef = A20000000000000000000003 /* Trip.swift */; };
		A10000000000000000000004 /* TripPoint.swift in Sources */ = {isa = PBXBuildFile; fileRef = A20000000000000000000004 /* TripPoint.swift */; };
		A10000000000000000000005 /* LocationService.swift in Sources */ = {isa = PBXBuildFile; fileRef = A20000000000000000000005 /* LocationService.swift */; };
		A10000000000000000000006 /* TripRecordingService.swift in Sources */ = {isa = PBXBuildFile; fileRef = A20000000000000000000006 /* TripRecordingService.swift */; };
		A10000000000000000000007 /* GeocodingService.swift in Sources */ = {isa = PBXBuildFile; fileRef = A20000000000000000000007 /* GeocodingService.swift */; };
		A10000000000000000000011 /* TripListViewModel.swift in Sources */ = {isa = PBXBuildFile; fileRef = A20000000000000000000011 /* TripListViewModel.swift */; };
		A10000000000000000000012 /* TripDetailViewModel.swift in Sources */ = {isa = PBXBuildFile; fileRef = A20000000000000000000012 /* TripDetailViewModel.swift */; };
		A10000000000000000000013 /* TripListView.swift in Sources */ = {isa = PBXBuildFile; fileRef = A20000000000000000000013 /* TripListView.swift */; };
		A10000000000000000000014 /* TripRowView.swift in Sources */ = {isa = PBXBuildFile; fileRef = A20000000000000000000014 /* TripRowView.swift */; };
		A10000000000000000000015 /* TripDetailView.swift in Sources */ = {isa = PBXBuildFile; fileRef = A20000000000000000000015 /* TripDetailView.swift */; };
		A10000000000000000000016 /* ActiveTripView.swift in Sources */ = {isa = PBXBuildFile; fileRef = A20000000000000000000016 /* ActiveTripView.swift */; };
		A1RECCOLDOPEN0000000001 /* RecordingColdOpenOverlay.swift in Sources */ = {isa = PBXBuildFile; fileRef = A2RECCOLDOPEN0000000001 /* RecordingColdOpenOverlay.swift */; };
		A1RECENDCREDITS00000001 /* RecordingEndCreditsView.swift in Sources */ = {isa = PBXBuildFile; fileRef = A2RECENDCREDITS00000001 /* RecordingEndCreditsView.swift */; };
		A10000000000000000000017 /* SettingsView.swift in Sources */ = {isa = PBXBuildFile; fileRef = A20000000000000000000017 /* SettingsView.swift */; };
		A10000000000000000000018 /* DistanceCalculator.swift in Sources */ = {isa = PBXBuildFile; fileRef = A20000000000000000000018 /* DistanceCalculator.swift */; };
		A1TRAILHOUNDMOTION00000001 /* TrailhoundMotion.swift in Sources */ = {isa = PBXBuildFile; fileRef = A2TRAILHOUNDMOTION00000001 /* TrailhoundMotion.swift */; };
		A1GLASSSTYLE000000000001 /* GlassStyle.swift in Sources */ = {isa = PBXBuildFile; fileRef = A2GLASSSTYLE000000000001 /* GlassStyle.swift */; };
		A1UITESTSUPPORT00000001 /* UITestSupport.swift in Sources */ = {isa = PBXBuildFile; fileRef = A2UITESTSUPPORT00000001 /* UITestSupport.swift */; };
		A1TRAILHOUNDSOUNDS00000001 /* TrailhoundSounds.swift in Sources */ = {isa = PBXBuildFile; fileRef = A2TRAILHOUNDSOUNDS00000001 /* TrailhoundSounds.swift */; };
		A1TRIPSTARTCAF000000001 /* trip_start.caf in Resources */ = {isa = PBXBuildFile; fileRef = A2TRIPSTARTCAF000000001 /* trip_start.caf */; };
		A1TRIPSTOPCAF0000000001 /* trip_stop.caf in Resources */ = {isa = PBXBuildFile; fileRef = A2TRIPSTOPCAF0000000001 /* trip_stop.caf */; };
		A10000000000000000000020 /* AppSettings.swift in Sources */ = {isa = PBXBuildFile; fileRef = A20000000000000000000020 /* AppSettings.swift */; };
		A10000000000000000000021 /* PreviewData.swift in Sources */ = {isa = PBXBuildFile; fileRef = A20000000000000000000021 /* PreviewData.swift */; };
		A1TRAILHOUNDICON000000001 /* Trailhound.icon in Resources */ = {isa = PBXBuildFile; fileRef = A2TRAILHOUNDICON000000001 /* Trailhound.icon */; };
		A10000000000000000000022 /* Assets.xcassets in Resources */ = {isa = PBXBuildFile; fileRef = A20000000000000000000022 /* Assets.xcassets */; };
		A10000000000000000000023 /* AppDelegate.swift in Sources */ = {isa = PBXBuildFile; fileRef = A20000000000000000000023 /* AppDelegate.swift */; };
		A1APPSERVICES00000001 /* AppServices.swift in Sources */ = {isa = PBXBuildFile; fileRef = A2APPSERVICES00000001 /* AppServices.swift */; };
		A1VEHPAIRING00000001 /* VehiclePairingService.swift in Sources */ = {isa = PBXBuildFile; fileRef = A2VEHPAIRING00000001 /* VehiclePairingService.swift */; };
		A1INFOPLISTXC0000001 /* InfoPlist.xcstrings in Resources */ = {isa = PBXBuildFile; fileRef = A2INFOPLISTXC0000001 /* InfoPlist.xcstrings */; };
		A10000000000000000000028 /* PrivacyInfo.xcprivacy in Resources */ = {isa = PBXBuildFile; fileRef = A20000000000000000000027 /* PrivacyInfo.xcprivacy */; };
		B10000000000000000000001 /* TripNotificationService.swift in Sources */ = {isa = PBXBuildFile; fileRef = B20000000000000000000001 /* TripNotificationService.swift */; };
		A1ONBOARDING00000000001 /* OnboardingView.swift in Sources */ = {isa = PBXBuildFile; fileRef = A2ONBOARDING00000000001 /* OnboardingView.swift */; };
		A1PERMBANNER00000000001 /* PermissionBanner.swift in Sources */ = {isa = PBXBuildFile; fileRef = A2PERMBANNER00000000001 /* PermissionBanner.swift */; };
		B10000000000000000000003 /* RecordingCarAnimationView.swift in Sources */ = {isa = PBXBuildFile; fileRef = B20000000000000000000003 /* RecordingCarAnimationView.swift */; };
		B10000000000000000000004 /* TripRecordingAttributes.swift in Sources */ = {isa = PBXBuildFile; fileRef = B20000000000000000000004 /* TripRecordingAttributes.swift */; };
		B10000000000000000000008 /* RecordingControlBridge.swift in Sources */ = {isa = PBXBuildFile; fileRef = B20000000000000000000009 /* RecordingControlBridge.swift */; };
		B10000000000000000000009 /* RecordingControlBridge.swift in Sources */ = {isa = PBXBuildFile; fileRef = B20000000000000000000009 /* RecordingControlBridge.swift */; };
		A1APPNOTIFSTORE00000001 /* AppNotificationStore.swift in Sources */ = {isa = PBXBuildFile; fileRef = A2APPNOTIFSTORE00000001 /* AppNotificationStore.swift */; };
		A1DEVLOGVIEW000000001 /* DevLogView.swift in Sources */ = {isa = PBXBuildFile; fileRef = A2DEVLOGVIEW000000001 /* DevLogView.swift */; };
		A1NOTIFLISTVIEW00000001 /* NotificationsListView.swift in Sources */ = {isa = PBXBuildFile; fileRef = A2NOTIFLISTVIEW00000001 /* NotificationsListView.swift */; };
		B10000000000000000000011 /* AppNotificationArchive.swift in Sources */ = {isa = PBXBuildFile; fileRef = B20000000000000000000011 /* AppNotificationArchive.swift */; };
		B1DEVLOG0000000000001 /* DevLog.swift in Sources */ = {isa = PBXBuildFile; fileRef = B2DEVLOG0000000000001 /* DevLog.swift */; };
		B1DEVLOG0000000000002 /* DevLog.swift in Sources */ = {isa = PBXBuildFile; fileRef = B2DEVLOG0000000000001 /* DevLog.swift */; };
		B10000000000000000000012 /* AppNotificationArchive.swift in Sources */ = {isa = PBXBuildFile; fileRef = B20000000000000000000011 /* AppNotificationArchive.swift */; };
		B10000000000000000000014 /* DateFormatters.swift in Sources */ = {isa = PBXBuildFile; fileRef = B20000000000000000000020 /* DateFormatters.swift */; };
		B10000000000000000000015 /* DateFormatters.swift in Sources */ = {isa = PBXBuildFile; fileRef = B20000000000000000000020 /* DateFormatters.swift */; };
		B10000000000000000000016 /* SharedL10n.swift in Sources */ = {isa = PBXBuildFile; fileRef = B20000000000000000000021 /* SharedL10n.swift */; };
		B10000000000000000000017 /* SharedL10n.swift in Sources */ = {isa = PBXBuildFile; fileRef = B20000000000000000000021 /* SharedL10n.swift */; };
		B10000000000000000000018 /* TrailhoundBrandColors.swift in Sources */ = {isa = PBXBuildFile; fileRef = B20000000000000000000022 /* TrailhoundBrandColors.swift */; };
		B10000000000000000000019 /* TrailhoundBrandColors.swift in Sources */ = {isa = PBXBuildFile; fileRef = B20000000000000000000022 /* TrailhoundBrandColors.swift */; };
		B10000000000000000000013 /* Localizable.xcstrings in Resources */ = {isa = PBXBuildFile; fileRef = A2LOCALIZABLE00000000001 /* Localizable.xcstrings */; };
		A1RECCARDSTYLE00000001 /* RecordingCardStyle.swift in Sources */ = {isa = PBXBuildFile; fileRef = A2RECCARDSTYLE00000001 /* RecordingCardStyle.swift */; };
		B1000000000000000000001A /* TrailhoundLockScreenWidget.swift in Sources */ = {isa = PBXBuildFile; fileRef = B20000000000000000000023 /* TrailhoundLockScreenWidget.swift */; };
		B10000000000000000000005 /* TrailhoundWidget.swift in Sources */ = {isa = PBXBuildFile; fileRef = B20000000000000000000005 /* TrailhoundWidget.swift */; };
		B10000000000000000000006 /* WidgetRecordingIntents.swift in Sources */ = {isa = PBXBuildFile; fileRef = B20000000000000000000006 /* WidgetRecordingIntents.swift */; };
		B10000000000000000000007 /* TripRecordingAttributes.swift in Sources */ = {isa = PBXBuildFile; fileRef = B20000000000000000000004 /* TripRecordingAttributes.swift */; };
		B10000000000000000000010 /* TrailhoundWidgetExtension.appex in Embed Foundation Extensions */ = {isa = PBXBuildFile; fileRef = B30000000000000000000001 /* TrailhoundWidgetExtension.appex */; settings = {ATTRIBUTES = (RemoveHeadersOnCopy, ); }; };
		B70278C1D5B446EC8DE991B4 /* TripFilterChips.swift in Sources */ = {isa = PBXBuildFile; fileRef = 88030C70371F439DA73D2869 /* TripFilterChips.swift */; };
		BBE21ACDB3DA4B799692BA45 /* TripCleanupService.swift in Sources */ = {isa = PBXBuildFile; fileRef = FA15226A5E0A4E42AD2285A2 /* TripCleanupService.swift */; };
		C2D27E073A644138899E28CE /* ModelContainerFactory.swift in Sources */ = {isa = PBXBuildFile; fileRef = 8A24E57F785447E780408D08 /* ModelContainerFactory.swift */; };
		C34CA953FA9445FC9738421B /* StatsViewModel.swift in Sources */ = {isa = PBXBuildFile; fileRef = D171349C59CE45DEA7298678 /* StatsViewModel.swift */; };
		C8C052893E0441E8AC928742 /* NetworkMonitor.swift in Sources */ = {isa = PBXBuildFile; fileRef = 6AD03A7086DB4AACB2377EDA /* NetworkMonitor.swift */; };
		D10E4D3FDD254D86A5654E28 /* RecordingLiveActivityService.swift in Sources */ = {isa = PBXBuildFile; fileRef = 7E7218250D954707A753EAFC /* RecordingLiveActivityService.swift */; };
		D1853EE7989041FC8B991467 /* AppLockService.swift in Sources */ = {isa = PBXBuildFile; fileRef = 86CA401B8CE941218B625F2C /* AppLockService.swift */; };
		D571EE3610834ECBBB0727B6 /* SavedPlace.swift in Sources */ = {isa = PBXBuildFile; fileRef = C22C35A8C7504120981649DC /* SavedPlace.swift */; };
		E5BA2FB0704F498A84A79A26 /* StatsView.swift in Sources */ = {isa = PBXBuildFile; fileRef = 809405DA3B0A4D33AFE11517 /* StatsView.swift */; };
		F7584F1172694F06905495CC /* TripEnums.swift in Sources */ = {isa = PBXBuildFile; fileRef = 65E131E71820446C9E390421 /* TripEnums.swift */; };
		F2E1D0C9B8A7465091E2F3A4 /* KeyboardDismiss.swift in Sources */ = {isa = PBXBuildFile; fileRef = E1D0C9B8A7465091E2F3A456 /* KeyboardDismiss.swift */; };
		A1USERCATEGORY00000000001 /* UserCategory.swift in Sources */ = {isa = PBXBuildFile; fileRef = A2USERCATEGORY00000000001 /* UserCategory.swift */; };
		A1CATEGORYSEEDER00000001 /* CategorySeeder.swift in Sources */ = {isa = PBXBuildFile; fileRef = A2CATEGORYSEEDER00000001 /* CategorySeeder.swift */; };
		A1L10N00000000000000001 /* L10n.swift in Sources */ = {isa = PBXBuildFile; fileRef = A2L10N00000000000000001 /* L10n.swift */; };
		A1CATMGMT00000000000001 /* CategoryManagementView.swift in Sources */ = {isa = PBXBuildFile; fileRef = A2CATMGMT00000000000001 /* CategoryManagementView.swift */; };
		A1LOCALIZABLE00000000001 /* Localizable.xcstrings in Resources */ = {isa = PBXBuildFile; fileRef = A2LOCALIZABLE00000000001 /* Localizable.xcstrings */; };
		A1REC0BSERVER00000000001 /* RecordingRequestObserver.swift in Sources */ = {isa = PBXBuildFile; fileRef = A2REC0BSERVER00000000001 /* RecordingRequestObserver.swift */; };
		A1MATCHEDROUTE0000000001 /* MatchedRoutePoint.swift in Sources */ = {isa = PBXBuildFile; fileRef = A2MATCHEDROUTE0000000001 /* MatchedRoutePoint.swift */; };
		A1SCHEMAMIG0000000000001 /* TrailhoundSchemaMigration.swift in Sources */ = {isa = PBXBuildFile; fileRef = A2SCHEMAMIG0000000000001 /* TrailhoundSchemaMigration.swift */; };
		A1TRIPRECOVERY0000000001 /* TripRecoveryService.swift in Sources */ = {isa = PBXBuildFile; fileRef = A2TRIPRECOVERY0000000001 /* TripRecoveryService.swift */; };
		A1RECSTOPPOLICY00000001 /* RecordingStopPolicy.swift in Sources */ = {isa = PBXBuildFile; fileRef = A2RECSTOPPOLICY00000001 /* RecordingStopPolicy.swift */; };
		A1RECSYNCCOORD00000001 /* RecordingSyncCoordinator.swift in Sources */ = {isa = PBXBuildFile; fileRef = A2RECSYNCCOORD00000001 /* RecordingSyncCoordinator.swift */; };
		A1APPERRORPRES0000001 /* AppErrorPresenter.swift in Sources */ = {isa = PBXBuildFile; fileRef = A2APPERRORPRES0000001 /* AppErrorPresenter.swift */; };
		A1VEHICLEPROFILE00000001 /* VehicleProfile.swift in Sources */ = {isa = PBXBuildFile; fileRef = A2VEHICLEPROFILE00000001 /* VehicleProfile.swift */; };
		A1FREQROUTES00000000001 /* FrequentRoutesService.swift in Sources */ = {isa = PBXBuildFile; fileRef = A2FREQROUTES00000000001 /* FrequentRoutesService.swift */; };
		A1ROUTEPRIVCLIP0000001 /* RoutePrivacyClipper.swift in Sources */ = {isa = PBXBuildFile; fileRef = A2ROUTEPRIVCLIP0000001 /* RoutePrivacyClipper.swift */; };
		A1TRIPSHARECARD0000001 /* TripShareCardRenderer.swift in Sources */ = {isa = PBXBuildFile; fileRef = A2TRIPSHARECARD0000001 /* TripShareCardRenderer.swift */; };
		A1TODAYKMPROV00000001 /* TodayKmProvider.swift in Sources */ = {isa = PBXBuildFile; fileRef = A2TODAYKMPROV00000001 /* TodayKmProvider.swift */; };
		A1VEHICLERESOLV000001 /* VehicleResolver.swift in Sources */ = {isa = PBXBuildFile; fileRef = A2VEHICLERESOLV000001 /* VehicleResolver.swift */; };
		F7BF388123F5473D83A90998 /* ExportService.swift in Sources */ = {isa = PBXBuildFile; fileRef = 983DA16F5A6E442FAAD35B73 /* ExportService.swift */; };
		A1PAIRINGTAB000000001 /* PairingTabView.swift in Sources */ = {isa = PBXBuildFile; fileRef = A2PAIRINGTAB000000001 /* PairingTabView.swift */; };
		A1PAIRINGEMPTY000001 /* PairingEmptyState.swift in Sources */ = {isa = PBXBuildFile; fileRef = A2PAIRINGEMPTY000001 /* PairingEmptyState.swift */; };
		A1PAIRINGEDIT000001 /* PairingVehicleEditorView.swift in Sources */ = {isa = PBXBuildFile; fileRef = A2PAIRINGEDIT000001 /* PairingVehicleEditorView.swift */; };
		A1TABSELECTION000001 /* TabSelection.swift in Sources */ = {isa = PBXBuildFile; fileRef = A2TABSELECTION000001 /* TabSelection.swift */; };
		A1PAIRINGSHCUT000001 /* PairingShortcutsAutomationGuideView.swift in Sources */ = {isa = PBXBuildFile; fileRef = A2PAIRINGSHCUT000001 /* PairingShortcutsAutomationGuideView.swift */; };
		A1PAIRINGSTYLE000001 /* PairingCardStyle.swift in Sources */ = {isa = PBXBuildFile; fileRef = A2PAIRINGSTYLE000001 /* PairingCardStyle.swift */; };
		A1PAIRINGVEHROW00001 /* PairingVehicleRow.swift in Sources */ = {isa = PBXBuildFile; fileRef = A2PAIRINGVEHROW00001 /* PairingVehicleRow.swift */; };
/* End PBXBuildFile section */

/* Begin PBXContainerItemProxy section */
		BA0000000000000000000001 /* PBXContainerItemProxy */ = {
			isa = PBXContainerItemProxy;
			containerPortal = A90000000000000000000001 /* Project object */;
			proxyType = 1;
			remoteGlobalIDString = B60000000000000000000001;
			remoteInfo = TrailhoundWidgetExtension;
		};
		BA0000000000000000000002 /* PBXContainerItemProxy */ = {
			isa = PBXContainerItemProxy;
			containerPortal = A90000000000000000000001 /* Project object */;
			proxyType = 1;
			remoteGlobalIDString = A60000000000000000000001;
			remoteInfo = Trailhound;
		};
		BA0000000000000000000003 /* PBXContainerItemProxy */ = {
			isa = PBXContainerItemProxy;
			containerPortal = A90000000000000000000001 /* Project object */;
			proxyType = 1;
			remoteGlobalIDString = A60000000000000000000001;
			remoteInfo = Trailhound;
		};
/* End PBXContainerItemProxy section */

/* Begin PBXCopyFilesBuildPhase section */
		B80000000000000000000001 /* Embed Foundation Extensions */ = {
			isa = PBXCopyFilesBuildPhase;
			buildActionMask = 2147483647;
			dstPath = "";
			dstSubfolderSpec = 13;
			files = (
				B10000000000000000000010 /* TrailhoundWidgetExtension.appex in Embed Foundation Extensions */,
			);
			name = "Embed Foundation Extensions";
			runOnlyForDeploymentPostprocessing = 0;
		};
/* End PBXCopyFilesBuildPhase section */

/* Begin PBXFileReference section */
		680C2C1FFFC24A558E0749EF /* CoreUtilityTests.swift */ = {isa = PBXFileReference; lastKnownFileType = sourcecode.swift; path = TrailhoundTests/Core/CoreUtilityTests.swift; sourceTree = SOURCE_ROOT; };
		0728089319F94FFD92D17398 /* SchemaAndRoutesTests.swift */ = {isa = PBXFileReference; lastKnownFileType = sourcecode.swift; path = TrailhoundTests/Data/SchemaAndRoutesTests.swift; sourceTree = SOURCE_ROOT; };
		146E38A60EAA48E8998FE29E /* ExportServiceTests.swift */ = {isa = PBXFileReference; lastKnownFileType = sourcecode.swift; path = TrailhoundTests/Export/ExportServiceTests.swift; sourceTree = SOURCE_ROOT; };
		D27C68D0744C4C15A3A90CA5 /* VehiclePairingServiceTests.swift */ = {isa = PBXFileReference; lastKnownFileType = sourcecode.swift; path = TrailhoundTests/Pairing/VehiclePairingServiceTests.swift; sourceTree = SOURCE_ROOT; };
		5F72FCAD53FB446AB328BFDB /* RecordingAndTripStoreTests.swift */ = {isa = PBXFileReference; lastKnownFileType = sourcecode.swift; path = TrailhoundTests/Recording/RecordingAndTripStoreTests.swift; sourceTree = SOURCE_ROOT; };
		503EDD2BA22145E29CA8E8CF /* AppNotificationStoreTests.swift */ = {isa = PBXFileReference; lastKnownFileType = sourcecode.swift; path = TrailhoundTests/Services/AppNotificationStoreTests.swift; sourceTree = SOURCE_ROOT; };
		FEB9972A494149F39AC324E8 /* PlaceMatchingServiceTests.swift */ = {isa = PBXFileReference; lastKnownFileType = sourcecode.swift; path = TrailhoundTests/Services/PlaceMatchingServiceTests.swift; sourceTree = SOURCE_ROOT; };
		B25051FE8D9646B29D5CB399 /* TripMergeServiceTests.swift */ = {isa = PBXFileReference; lastKnownFileType = sourcecode.swift; path = TrailhoundTests/Services/TripMergeServiceTests.swift; sourceTree = SOURCE_ROOT; };
		88CDA56F4C5F4F17B7BA444B /* SharedUtilityTests.swift */ = {isa = PBXFileReference; lastKnownFileType = sourcecode.swift; path = TrailhoundTests/Shared/SharedUtilityTests.swift; sourceTree = SOURCE_ROOT; };
		F1CACB072FD14826A77B2F07 /* AsyncTestHelpers.swift */ = {isa = PBXFileReference; lastKnownFileType = sourcecode.swift; path = TrailhoundTests/Support/AsyncTestHelpers.swift; sourceTree = SOURCE_ROOT; };
		AA172385AFDA42598F25DB54 /* DeviceTestChecklist.swift */ = {isa = PBXFileReference; lastKnownFileType = sourcecode.swift; path = TrailhoundTests/Support/DeviceTestChecklist.swift; sourceTree = SOURCE_ROOT; };
		9B57D663C0CE4CCEA7248CD7 /* StatsViewModelTests.swift */ = {isa = PBXFileReference; lastKnownFileType = sourcecode.swift; path = TrailhoundTests/ViewModels/StatsViewModelTests.swift; sourceTree = SOURCE_ROOT; };
		08C87FC8A26C4A6EA398957B /* TripListViewModelTests.swift */ = {isa = PBXFileReference; lastKnownFileType = sourcecode.swift; path = TrailhoundTests/ViewModels/TripListViewModelTests.swift; sourceTree = SOURCE_ROOT; };
		D20A66CD27F5441FBFBED1DA /* TripMapFitTests.swift */ = {isa = PBXFileReference; lastKnownFileType = sourcecode.swift; path = TrailhoundTests/ViewModels/TripMapFitTests.swift; sourceTree = SOURCE_ROOT; };
		D21645BDE12E4D84BEA2D551 /* TrailhoundUITests.swift */ = {isa = PBXFileReference; lastKnownFileType = sourcecode.swift; path = TrailhoundUITests/TrailhoundUITests.swift; sourceTree = SOURCE_ROOT; };
		1F8346A303B84C5089017287 /* AppLockView.swift */ = {isa = PBXFileReference; lastKnownFileType = sourcecode.swift; path = AppLockView.swift; sourceTree = "<group>"; };
		3C4D5673496049A7A905249D /* TrailhoundTests.xctest */ = {isa = PBXFileReference; explicitFileType = wrapper.cfbundle; includeInIndex = 0; path = TrailhoundTests.xctest; sourceTree = BUILT_PRODUCTS_DIR; };
		UITESTPRD00000000000001 /* TrailhoundUITests.xctest */ = {isa = PBXFileReference; explicitFileType = wrapper.cfbundle; includeInIndex = 0; path = TrailhoundUITests.xctest; sourceTree = BUILT_PRODUCTS_DIR; };
		4B6254BADAB2452485AC086C /* TripMergeService.swift */ = {isa = PBXFileReference; lastKnownFileType = sourcecode.swift; path = TripMergeService.swift; sourceTree = "<group>"; };
		5E100D096E5B474C8C3CC6EB /* FuelCostCalculator.swift */ = {isa = PBXFileReference; lastKnownFileType = sourcecode.swift; path = FuelCostCalculator.swift; sourceTree = "<group>"; };
		65E131E71820446C9E390421 /* TripEnums.swift */ = {isa = PBXFileReference; lastKnownFileType = sourcecode.swift; path = TripEnums.swift; sourceTree = "<group>"; };
		6AD03A7086DB4AACB2377EDA /* NetworkMonitor.swift */ = {isa = PBXFileReference; lastKnownFileType = sourcecode.swift; path = NetworkMonitor.swift; sourceTree = "<group>"; };
		E1D0C9B8A7465091E2F3A456 /* KeyboardDismiss.swift */ = {isa = PBXFileReference; lastKnownFileType = sourcecode.swift; path = KeyboardDismiss.swift; sourceTree = "<group>"; };
		7E7218250D954707A753EAFC /* RecordingLiveActivityService.swift */ = {isa = PBXFileReference; lastKnownFileType = sourcecode.swift; path = RecordingLiveActivityService.swift; sourceTree = "<group>"; };
		809405DA3B0A4D33AFE11517 /* StatsView.swift */ = {isa = PBXFileReference; lastKnownFileType = sourcecode.swift; path = StatsView.swift; sourceTree = "<group>"; };
		82C9C269375F4C05AFEA8817 /* GeocodingRetryService.swift */ = {isa = PBXFileReference; lastKnownFileType = sourcecode.swift; path = GeocodingRetryService.swift; sourceTree = "<group>"; };
		86CA401B8CE941218B625F2C /* AppLockService.swift */ = {isa = PBXFileReference; lastKnownFileType = sourcecode.swift; path = AppLockService.swift; sourceTree = "<group>"; };
		88030C70371F439DA73D2869 /* TripFilterChips.swift */ = {isa = PBXFileReference; lastKnownFileType = sourcecode.swift; path = TripFilterChips.swift; sourceTree = "<group>"; };
		89C5F75B18D74EB4B35E48C0 /* PlacePickerView.swift */ = {isa = PBXFileReference; lastKnownFileType = sourcecode.swift; path = PlacePickerView.swift; sourceTree = "<group>"; };
		8A24E57F785447E780408D08 /* ModelContainerFactory.swift */ = {isa = PBXFileReference; lastKnownFileType = sourcecode.swift; path = ModelContainerFactory.swift; sourceTree = "<group>"; };
		983DA16F5A6E442FAAD35B73 /* ExportService.swift */ = {isa = PBXFileReference; lastKnownFileType = sourcecode.swift; path = ExportService.swift; sourceTree = "<group>"; };
		A20000000000000000000001 /* TrailhoundApp.swift */ = {isa = PBXFileReference; lastKnownFileType = sourcecode.swift; path = TrailhoundApp.swift; sourceTree = "<group>"; };
		A20000000000000000000002 /* ContentView.swift */ = {isa = PBXFileReference; lastKnownFileType = sourcecode.swift; path = ContentView.swift; sourceTree = "<group>"; };
		A20000000000000000000003 /* Trip.swift */ = {isa = PBXFileReference; lastKnownFileType = sourcecode.swift; path = Trip.swift; sourceTree = "<group>"; };
		A20000000000000000000004 /* TripPoint.swift */ = {isa = PBXFileReference; lastKnownFileType = sourcecode.swift; path = TripPoint.swift; sourceTree = "<group>"; };
		A20000000000000000000005 /* LocationService.swift */ = {isa = PBXFileReference; lastKnownFileType = sourcecode.swift; path = LocationService.swift; sourceTree = "<group>"; };
		A20000000000000000000006 /* TripRecordingService.swift */ = {isa = PBXFileReference; lastKnownFileType = sourcecode.swift; path = TripRecordingService.swift; sourceTree = "<group>"; };
		A20000000000000000000007 /* GeocodingService.swift */ = {isa = PBXFileReference; lastKnownFileType = sourcecode.swift; path = GeocodingService.swift; sourceTree = "<group>"; };
		A20000000000000000000011 /* TripListViewModel.swift */ = {isa = PBXFileReference; lastKnownFileType = sourcecode.swift; path = TripListViewModel.swift; sourceTree = "<group>"; };
		A20000000000000000000012 /* TripDetailViewModel.swift */ = {isa = PBXFileReference; lastKnownFileType = sourcecode.swift; path = TripDetailViewModel.swift; sourceTree = "<group>"; };
		A20000000000000000000013 /* TripListView.swift */ = {isa = PBXFileReference; lastKnownFileType = sourcecode.swift; path = TripListView.swift; sourceTree = "<group>"; };
		A20000000000000000000014 /* TripRowView.swift */ = {isa = PBXFileReference; lastKnownFileType = sourcecode.swift; path = TripRowView.swift; sourceTree = "<group>"; };
		A20000000000000000000015 /* TripDetailView.swift */ = {isa = PBXFileReference; lastKnownFileType = sourcecode.swift; path = TripDetailView.swift; sourceTree = "<group>"; };
		A20000000000000000000016 /* ActiveTripView.swift */ = {isa = PBXFileReference; lastKnownFileType = sourcecode.swift; path = ActiveTripView.swift; sourceTree = "<group>"; };
		A2RECCOLDOPEN0000000001 /* RecordingColdOpenOverlay.swift */ = {isa = PBXFileReference; lastKnownFileType = sourcecode.swift; path = RecordingColdOpenOverlay.swift; sourceTree = "<group>"; };
		A2RECENDCREDITS00000001 /* RecordingEndCreditsView.swift */ = {isa = PBXFileReference; lastKnownFileType = sourcecode.swift; path = RecordingEndCreditsView.swift; sourceTree = "<group>"; };
		A20000000000000000000017 /* SettingsView.swift */ = {isa = PBXFileReference; lastKnownFileType = sourcecode.swift; path = SettingsView.swift; sourceTree = "<group>"; };
		A20000000000000000000018 /* DistanceCalculator.swift */ = {isa = PBXFileReference; lastKnownFileType = sourcecode.swift; path = DistanceCalculator.swift; sourceTree = "<group>"; };
		A2TRAILHOUNDMOTION00000001 /* TrailhoundMotion.swift */ = {isa = PBXFileReference; lastKnownFileType = sourcecode.swift; path = TrailhoundMotion.swift; sourceTree = "<group>"; };
		A2GLASSSTYLE000000000001 /* GlassStyle.swift */ = {isa = PBXFileReference; lastKnownFileType = sourcecode.swift; path = GlassStyle.swift; sourceTree = "<group>"; };
		A2UITESTSUPPORT00000001 /* UITestSupport.swift */ = {isa = PBXFileReference; lastKnownFileType = sourcecode.swift; path = UITestSupport.swift; sourceTree = "<group>"; };
		A2TRAILHOUNDSOUNDS00000001 /* TrailhoundSounds.swift */ = {isa = PBXFileReference; lastKnownFileType = sourcecode.swift; path = TrailhoundSounds.swift; sourceTree = "<group>"; };
		A2TRIPSTARTCAF000000001 /* trip_start.caf */ = {isa = PBXFileReference; lastKnownFileType = file; path = trip_start.caf; sourceTree = "<group>"; };
		A2TRIPSTOPCAF0000000001 /* trip_stop.caf */ = {isa = PBXFileReference; lastKnownFileType = file; path = trip_stop.caf; sourceTree = "<group>"; };
		A20000000000000000000020 /* AppSettings.swift */ = {isa = PBXFileReference; lastKnownFileType = sourcecode.swift; path = AppSettings.swift; sourceTree = "<group>"; };
		A20000000000000000000021 /* PreviewData.swift */ = {isa = PBXFileReference; lastKnownFileType = sourcecode.swift; path = PreviewData.swift; sourceTree = "<group>"; };
		A2TRAILHOUNDICON000000001 /* Trailhound.icon */ = {isa = PBXFileReference; lastKnownFileType = folder.iconcomposer; path = Trailhound.icon; sourceTree = "<group>"; };
		A20000000000000000000022 /* Assets.xcassets */ = {isa = PBXFileReference; lastKnownFileType = folder.assetcatalog; path = Assets.xcassets; sourceTree = "<group>"; };
		A20000000000000000000023 /* AppDelegate.swift */ = {isa = PBXFileReference; lastKnownFileType = sourcecode.swift; path = AppDelegate.swift; sourceTree = "<group>"; };
		A2APPSERVICES00000001 /* AppServices.swift */ = {isa = PBXFileReference; lastKnownFileType = sourcecode.swift; path = AppServices.swift; sourceTree = "<group>"; };
		A2VEHPAIRING00000001 /* VehiclePairingService.swift */ = {isa = PBXFileReference; lastKnownFileType = sourcecode.swift; path = VehiclePairingService.swift; sourceTree = "<group>"; };
		A2INFOPLISTXC0000001 /* InfoPlist.xcstrings */ = {isa = PBXFileReference; lastKnownFileType = text.json.xcstrings; path = InfoPlist.xcstrings; sourceTree = "<group>"; };
		A20000000000000000000024 /* Info.plist */ = {isa = PBXFileReference; lastKnownFileType = text.plist.xml; path = Info.plist; sourceTree = "<group>"; };
		A20000000000000000000026 /* Trailhound.entitlements */ = {isa = PBXFileReference; lastKnownFileType = text.plist.entitlements; path = Trailhound.entitlements; sourceTree = "<group>"; };
		A20000000000000000000027 /* PrivacyInfo.xcprivacy */ = {isa = PBXFileReference; lastKnownFileType = text.xml; path = PrivacyInfo.xcprivacy; sourceTree = "<group>"; };
		A30000000000000000000001 /* Trailhound.app */ = {isa = PBXFileReference; explicitFileType = wrapper.application; includeInIndex = 0; path = Trailhound.app; sourceTree = BUILT_PRODUCTS_DIR; };
		AF0E09B4CEDD485E9B744E57 /* TripStop.swift */ = {isa = PBXFileReference; lastKnownFileType = sourcecode.swift; path = TripStop.swift; sourceTree = "<group>"; };
		B20000000000000000000001 /* TripNotificationService.swift */ = {isa = PBXFileReference; lastKnownFileType = sourcecode.swift; path = TripNotificationService.swift; sourceTree = "<group>"; };
		A2ONBOARDING00000000001 /* OnboardingView.swift */ = {isa = PBXFileReference; lastKnownFileType = sourcecode.swift; path = OnboardingView.swift; sourceTree = "<group>"; };
		A2PERMBANNER00000000001 /* PermissionBanner.swift */ = {isa = PBXFileReference; lastKnownFileType = sourcecode.swift; path = PermissionBanner.swift; sourceTree = "<group>"; };
		B20000000000000000000003 /* RecordingCarAnimationView.swift */ = {isa = PBXFileReference; lastKnownFileType = sourcecode.swift; path = RecordingCarAnimationView.swift; sourceTree = "<group>"; };
		A2RECCARDSTYLE00000001 /* RecordingCardStyle.swift */ = {isa = PBXFileReference; lastKnownFileType = sourcecode.swift; path = RecordingCardStyle.swift; sourceTree = "<group>"; };
		B20000000000000000000004 /* TripRecordingAttributes.swift */ = {isa = PBXFileReference; lastKnownFileType = sourcecode.swift; path = TripRecordingAttributes.swift; sourceTree = "<group>"; };
		A2APPNOTIFSTORE00000001 /* AppNotificationStore.swift */ = {isa = PBXFileReference; lastKnownFileType = sourcecode.swift; path = AppNotificationStore.swift; sourceTree = "<group>"; };
		A2DEVLOGVIEW000000001 /* DevLogView.swift */ = {isa = PBXFileReference; lastKnownFileType = sourcecode.swift; path = DevLogView.swift; sourceTree = "<group>"; };
		A2NOTIFLISTVIEW00000001 /* NotificationsListView.swift */ = {isa = PBXFileReference; lastKnownFileType = sourcecode.swift; path = NotificationsListView.swift; sourceTree = "<group>"; };
		B20000000000000000000011 /* AppNotificationArchive.swift */ = {isa = PBXFileReference; lastKnownFileType = sourcecode.swift; path = AppNotificationArchive.swift; sourceTree = "<group>"; };
		B2DEVLOG0000000000001 /* DevLog.swift */ = {isa = PBXFileReference; lastKnownFileType = sourcecode.swift; path = DevLog.swift; sourceTree = "<group>"; };
		B20000000000000000000020 /* DateFormatters.swift */ = {isa = PBXFileReference; lastKnownFileType = sourcecode.swift; path = DateFormatters.swift; sourceTree = "<group>"; };
		B20000000000000000000021 /* SharedL10n.swift */ = {isa = PBXFileReference; lastKnownFileType = sourcecode.swift; path = SharedL10n.swift; sourceTree = "<group>"; };
		B20000000000000000000022 /* TrailhoundBrandColors.swift */ = {isa = PBXFileReference; lastKnownFileType = sourcecode.swift; path = TrailhoundBrandColors.swift; sourceTree = "<group>"; };
		B20000000000000000000009 /* RecordingControlBridge.swift */ = {isa = PBXFileReference; lastKnownFileType = sourcecode.swift; path = RecordingControlBridge.swift; sourceTree = "<group>"; };
		A2REC0BSERVER00000000001 /* RecordingRequestObserver.swift */ = {isa = PBXFileReference; lastKnownFileType = sourcecode.swift; path = RecordingRequestObserver.swift; sourceTree = "<group>"; };
		A2MATCHEDROUTE0000000001 /* MatchedRoutePoint.swift */ = {isa = PBXFileReference; lastKnownFileType = sourcecode.swift; path = MatchedRoutePoint.swift; sourceTree = "<group>"; };
		A2SCHEMAMIG0000000000001 /* TrailhoundSchemaMigration.swift */ = {isa = PBXFileReference; lastKnownFileType = sourcecode.swift; path = TrailhoundSchemaMigration.swift; sourceTree = "<group>"; };
		A2TRIPRECOVERY0000000001 /* TripRecoveryService.swift */ = {isa = PBXFileReference; lastKnownFileType = sourcecode.swift; path = TripRecoveryService.swift; sourceTree = "<group>"; };
		A2RECSTOPPOLICY00000001 /* RecordingStopPolicy.swift */ = {isa = PBXFileReference; lastKnownFileType = sourcecode.swift; path = RecordingStopPolicy.swift; sourceTree = "<group>"; };
		A2RECSYNCCOORD00000001 /* RecordingSyncCoordinator.swift */ = {isa = PBXFileReference; lastKnownFileType = sourcecode.swift; path = RecordingSyncCoordinator.swift; sourceTree = "<group>"; };
		A2APPERRORPRES0000001 /* AppErrorPresenter.swift */ = {isa = PBXFileReference; lastKnownFileType = sourcecode.swift; path = AppErrorPresenter.swift; sourceTree = "<group>"; };
		B20000000000000000000023 /* TrailhoundLockScreenWidget.swift */ = {isa = PBXFileReference; lastKnownFileType = sourcecode.swift; path = TrailhoundLockScreenWidget.swift; sourceTree = "<group>"; };
		B20000000000000000000005 /* TrailhoundWidget.swift */ = {isa = PBXFileReference; lastKnownFileType = sourcecode.swift; path = TrailhoundWidget.swift; sourceTree = "<group>"; };
		B20000000000000000000006 /* WidgetRecordingIntents.swift */ = {isa = PBXFileReference; lastKnownFileType = sourcecode.swift; path = WidgetRecordingIntents.swift; sourceTree = "<group>"; };
		B20000000000000000000007 /* Info.plist */ = {isa = PBXFileReference; lastKnownFileType = text.plist.xml; path = Info.plist; sourceTree = "<group>"; };
		B20000000000000000000008 /* TrailhoundWidget.entitlements */ = {isa = PBXFileReference; lastKnownFileType = text.plist.entitlements; path = TrailhoundWidget.entitlements; sourceTree = "<group>"; };
		B30000000000000000000001 /* TrailhoundWidgetExtension.appex */ = {isa = PBXFileReference; explicitFileType = "wrapper.app-extension"; includeInIndex = 0; path = TrailhoundWidgetExtension.appex; sourceTree = BUILT_PRODUCTS_DIR; };
		C22C35A8C7504120981649DC /* SavedPlace.swift */ = {isa = PBXFileReference; lastKnownFileType = sourcecode.swift; path = SavedPlace.swift; sourceTree = "<group>"; };
		D171349C59CE45DEA7298678 /* StatsViewModel.swift */ = {isa = PBXFileReference; lastKnownFileType = sourcecode.swift; path = StatsViewModel.swift; sourceTree = "<group>"; };
		E915A26582304556AF11A8CC /* PlaceMatchingService.swift */ = {isa = PBXFileReference; lastKnownFileType = sourcecode.swift; path = PlaceMatchingService.swift; sourceTree = "<group>"; };
		A2TRIPSTORE000000000001 /* TripStore.swift */ = {isa = PBXFileReference; lastKnownFileType = sourcecode.swift; path = TripStore.swift; sourceTree = "<group>"; };
		A2TRIPDATEGROUP000000001 /* TripDateGrouping.swift */ = {isa = PBXFileReference; lastKnownFileType = sourcecode.swift; path = TripDateGrouping.swift; sourceTree = "<group>"; };
		A2TRIPMAPSNAP00000000001 /* TripMapSnapshotCache.swift */ = {isa = PBXFileReference; lastKnownFileType = sourcecode.swift; path = TripMapSnapshotCache.swift; sourceTree = "<group>"; };
		F138262CDC1E4889B99374A4 /* TripRecordingIntents.swift */ = {isa = PBXFileReference; lastKnownFileType = sourcecode.swift; path = TripRecordingIntents.swift; sourceTree = "<group>"; };
		FA15226A5E0A4E42AD2285A2 /* TripCleanupService.swift */ = {isa = PBXFileReference; lastKnownFileType = sourcecode.swift; path = TripCleanupService.swift; sourceTree = "<group>"; };
		A2USERCATEGORY00000000001 /* UserCategory.swift */ = {isa = PBXFileReference; lastKnownFileType = sourcecode.swift; path = UserCategory.swift; sourceTree = "<group>"; };
		A2CATEGORYSEEDER00000001 /* CategorySeeder.swift */ = {isa = PBXFileReference; lastKnownFileType = sourcecode.swift; path = CategorySeeder.swift; sourceTree = "<group>"; };
		A2L10N00000000000000001 /* L10n.swift */ = {isa = PBXFileReference; lastKnownFileType = sourcecode.swift; path = L10n.swift; sourceTree = "<group>"; };
		A2CATMGMT00000000000001 /* CategoryManagementView.swift */ = {isa = PBXFileReference; lastKnownFileType = sourcecode.swift; path = CategoryManagementView.swift; sourceTree = "<group>"; };
		A2LOCALIZABLE00000000001 /* Localizable.xcstrings */ = {isa = PBXFileReference; lastKnownFileType = text.json.xcstrings; path = Localizable.xcstrings; sourceTree = "<group>"; };
		A2VEHICLEPROFILE00000001 /* VehicleProfile.swift */ = {isa = PBXFileReference; lastKnownFileType = sourcecode.swift; path = VehicleProfile.swift; sourceTree = "<group>"; };
		A2FREQROUTES00000000001 /* FrequentRoutesService.swift */ = {isa = PBXFileReference; lastKnownFileType = sourcecode.swift; path = FrequentRoutesService.swift; sourceTree = "<group>"; };
		A2ROUTEPRIVCLIP0000001 /* RoutePrivacyClipper.swift */ = {isa = PBXFileReference; lastKnownFileType = sourcecode.swift; path = RoutePrivacyClipper.swift; sourceTree = "<group>"; };
		A2TRIPSHARECARD0000001 /* TripShareCardRenderer.swift */ = {isa = PBXFileReference; lastKnownFileType = sourcecode.swift; path = TripShareCardRenderer.swift; sourceTree = "<group>"; };
		A2TODAYKMPROV00000001 /* TodayKmProvider.swift */ = {isa = PBXFileReference; lastKnownFileType = sourcecode.swift; path = TodayKmProvider.swift; sourceTree = "<group>"; };
		A2VEHICLERESOLV000001 /* VehicleResolver.swift */ = {isa = PBXFileReference; lastKnownFileType = sourcecode.swift; path = VehicleResolver.swift; sourceTree = "<group>"; };
		A2PAIRINGTAB000000001 /* PairingTabView.swift */ = {isa = PBXFileReference; lastKnownFileType = sourcecode.swift; path = PairingTabView.swift; sourceTree = "<group>"; };
		A2PAIRINGEMPTY000001 /* PairingEmptyState.swift */ = {isa = PBXFileReference; lastKnownFileType = sourcecode.swift; path = PairingEmptyState.swift; sourceTree = "<group>"; };
		A2PAIRINGEDIT000001 /* PairingVehicleEditorView.swift */ = {isa = PBXFileReference; lastKnownFileType = sourcecode.swift; path = PairingVehicleEditorView.swift; sourceTree = "<group>"; };
		A2TABSELECTION000001 /* TabSelection.swift */ = {isa = PBXFileReference; lastKnownFileType = sourcecode.swift; path = TabSelection.swift; sourceTree = "<group>"; };
		A2PAIRINGSHCUT000001 /* PairingShortcutsAutomationGuideView.swift */ = {isa = PBXFileReference; lastKnownFileType = sourcecode.swift; path = PairingShortcutsAutomationGuideView.swift; sourceTree = "<group>"; };
		A2PAIRINGSTYLE000001 /* PairingCardStyle.swift */ = {isa = PBXFileReference; lastKnownFileType = sourcecode.swift; path = PairingCardStyle.swift; sourceTree = "<group>"; };
		A2PAIRINGVEHROW00001 /* PairingVehicleRow.swift */ = {isa = PBXFileReference; lastKnownFileType = sourcecode.swift; path = PairingVehicleRow.swift; sourceTree = "<group>"; };
/* End PBXFileReference section */

/* Begin PBXFrameworksBuildPhase section */
		95D6D8A49C9947FBA6450329 /* Frameworks */ = {
			isa = PBXFrameworksBuildPhase;
			buildActionMask = 2147483647;
			files = (
			);
			runOnlyForDeploymentPostprocessing = 0;
		};
		A40000000000000000000001 /* Frameworks */ = {
			isa = PBXFrameworksBuildPhase;
			buildActionMask = 2147483647;
			files = (
			);
			runOnlyForDeploymentPostprocessing = 0;
		};
		B40000000000000000000001 /* Frameworks */ = {
			isa = PBXFrameworksBuildPhase;
			buildActionMask = 2147483647;
			files = (
			);
			runOnlyForDeploymentPostprocessing = 0;
		};
		UITESTFRM00000000000001 /* Frameworks */ = {
			isa = PBXFrameworksBuildPhase;
			buildActionMask = 2147483647;
			files = (
			);
			runOnlyForDeploymentPostprocessing = 0;
		};
/* End PBXFrameworksBuildPhase section */

/* Begin PBXGroup section */
		A50000000000000000000001 = {
			isa = PBXGroup;
			children = (
				A50000000000000000000002 /* Trailhound */,
				B50000000000000000000001 /* TrailhoundShared */,
				B50000000000000000000002 /* TrailhoundWidget */,
				EAD0FC18DADB4E359AC65213 /* TrailhoundTests */,
				UITESTGRP00000000000001 /* TrailhoundUITests */,
				A50000000000000000000003 /* Products */,
			);
			sourceTree = "<group>";
		};
		A50000000000000000000002 /* Trailhound */ = {
			isa = PBXGroup;
			children = (
				A50000000000000000000004 /* App */,
				A50000000000000000000005 /* Models */,
				A50000000000000000000006 /* Services */,
				A5000000000000000000000A /* Intents */,
				A50000000000000000000007 /* ViewModels */,
				A50000000000000000000008 /* Views */,
				A50000000000000000000009 /* Utilities */,
				A5SOUNDS000000000000001 /* Sounds */,
				A20000000000000000000022 /* Assets.xcassets */,
				A2TRAILHOUNDICON000000001 /* Trailhound.icon */,
				A20000000000000000000024 /* Info.plist */,
				A2INFOPLISTXC0000001 /* InfoPlist.xcstrings */,
				A20000000000000000000026 /* Trailhound.entitlements */,
				A20000000000000000000027 /* PrivacyInfo.xcprivacy */,
				A2LOCALIZABLE00000000001 /* Localizable.xcstrings */,
			);
			path = Trailhound;
			sourceTree = "<group>";
		};
		A50000000000000000000003 /* Products */ = {
			isa = PBXGroup;
			children = (
				A30000000000000000000001 /* Trailhound.app */,
				B30000000000000000000001 /* TrailhoundWidgetExtension.appex */,
				3C4D5673496049A7A905249D /* TrailhoundTests.xctest */,
				UITESTPRD00000000000001 /* TrailhoundUITests.xctest */,
			);
			name = Products;
			sourceTree = "<group>";
		};
		A5SOUNDS000000000000001 /* Sounds */ = {
			isa = PBXGroup;
			children = (
				A2TRIPSTARTCAF000000001 /* trip_start.caf */,
				A2TRIPSTOPCAF0000000001 /* trip_stop.caf */,
			);
			path = Sounds;
			sourceTree = "<group>";
		};
		A50000000000000000000004 /* App */ = {
			isa = PBXGroup;
			children = (
				A20000000000000000000001 /* TrailhoundApp.swift */,
				A20000000000000000000002 /* ContentView.swift */,
				A20000000000000000000023 /* AppDelegate.swift */,
				A2APPSERVICES00000001 /* AppServices.swift */,
			);
			path = App;
			sourceTree = "<group>";
		};
		A50000000000000000000005 /* Models */ = {
			isa = PBXGroup;
			children = (
				65E131E71820446C9E390421 /* TripEnums.swift */,
				C22C35A8C7504120981649DC /* SavedPlace.swift */,
				AF0E09B4CEDD485E9B744E57 /* TripStop.swift */,
				A20000000000000000000003 /* Trip.swift */,
				A20000000000000000000004 /* TripPoint.swift */,
				A2MATCHEDROUTE0000000001 /* MatchedRoutePoint.swift */,
				A2USERCATEGORY00000000001 /* UserCategory.swift */,
				A2VEHICLEPROFILE00000001 /* VehicleProfile.swift */,
			);
			path = Models;
			sourceTree = "<group>";
		};
		A50000000000000000000006 /* Services */ = {
			isa = PBXGroup;
			children = (
				A5RECORDING0000000000001 /* Recording */,
				82C9C269375F4C05AFEA8817 /* GeocodingRetryService.swift */,
				E915A26582304556AF11A8CC /* PlaceMatchingService.swift */,
				983DA16F5A6E442FAAD35B73 /* ExportService.swift */,
				A2FREQROUTES00000000001 /* FrequentRoutesService.swift */,
				A2VEHICLERESOLV000001 /* VehicleResolver.swift */,
				4B6254BADAB2452485AC086C /* TripMergeService.swift */,
				FA15226A5E0A4E42AD2285A2 /* TripCleanupService.swift */,
				86CA401B8CE941218B625F2C /* AppLockService.swift */,
				A2VEHPAIRING00000001 /* VehiclePairingService.swift */,
				7E7218250D954707A753EAFC /* RecordingLiveActivityService.swift */,
				A2REC0BSERVER00000000001 /* RecordingRequestObserver.swift */,
				A2TRIPRECOVERY0000000001 /* TripRecoveryService.swift */,
				B20000000000000000000001 /* TripNotificationService.swift */,
				A2APPNOTIFSTORE00000001 /* AppNotificationStore.swift */,
				A20000000000000000000005 /* LocationService.swift */,
				A20000000000000000000006 /* TripRecordingService.swift */,
				A20000000000000000000007 /* GeocodingService.swift */,
			);
			path = Services;
			sourceTree = "<group>";
		};
		A5RECORDING0000000000001 /* Recording */ = {
			isa = PBXGroup;
			children = (
				A2RECSTOPPOLICY00000001 /* RecordingStopPolicy.swift */,
				A2RECSYNCCOORD00000001 /* RecordingSyncCoordinator.swift */,
			);
			path = Recording;
			sourceTree = "<group>";
		};
		A50000000000000000000007 /* ViewModels */ = {
			isa = PBXGroup;
			children = (
				D171349C59CE45DEA7298678 /* StatsViewModel.swift */,
				A20000000000000000000011 /* TripListViewModel.swift */,
				A20000000000000000000012 /* TripDetailViewModel.swift */,
			);
			path = ViewModels;
			sourceTree = "<group>";
		};
		A5PAIRINGGRP00000000001 /* Pairing */ = {
			isa = PBXGroup;
			children = (
				A2PAIRINGTAB000000001 /* PairingTabView.swift */,
				A2PAIRINGSHCUT000001 /* PairingShortcutsAutomationGuideView.swift */,
				A2PAIRINGVEHROW00001 /* PairingVehicleRow.swift */,
				A2PAIRINGSTYLE000001 /* PairingCardStyle.swift */,
				A2PAIRINGEMPTY000001 /* PairingEmptyState.swift */,
				A2PAIRINGEDIT000001 /* PairingVehicleEditorView.swift */,
			);
			path = Pairing;
			sourceTree = "<group>";
		};
		A50000000000000000000008 /* Views */ = {
			isa = PBXGroup;
			children = (
				809405DA3B0A4D33AFE11517 /* StatsView.swift */,
				89C5F75B18D74EB4B35E48C0 /* PlacePickerView.swift */,
				1F8346A303B84C5089017287 /* AppLockView.swift */,
				88030C70371F439DA73D2869 /* TripFilterChips.swift */,
				A20000000000000000000013 /* TripListView.swift */,
				A20000000000000000000014 /* TripRowView.swift */,
				A20000000000000000000015 /* TripDetailView.swift */,
				A20000000000000000000016 /* ActiveTripView.swift */,
				A2RECCOLDOPEN0000000001 /* RecordingColdOpenOverlay.swift */,
				A2RECENDCREDITS00000001 /* RecordingEndCreditsView.swift */,
				A2ONBOARDING00000000001 /* OnboardingView.swift */,
				A2NOTIFLISTVIEW00000001 /* NotificationsListView.swift */,
				A2DEVLOGVIEW000000001 /* DevLogView.swift */,
				A2PERMBANNER00000000001 /* PermissionBanner.swift */,
				A2RECCARDSTYLE00000001 /* RecordingCardStyle.swift */,
				A5PAIRINGGRP00000000001 /* Pairing */,
				A20000000000000000000017 /* SettingsView.swift */,
				A2CATMGMT00000000000001 /* CategoryManagementView.swift */,
			);
			path = Views;
			sourceTree = "<group>";
		};
		A50000000000000000000009 /* Utilities */ = {
			isa = PBXGroup;
			children = (
				6AD03A7086DB4AACB2377EDA /* NetworkMonitor.swift */,
				E1D0C9B8A7465091E2F3A456 /* KeyboardDismiss.swift */,
				5E100D096E5B474C8C3CC6EB /* FuelCostCalculator.swift */,
				8A24E57F785447E780408D08 /* ModelContainerFactory.swift */,
				A2SCHEMAMIG0000000000001 /* TrailhoundSchemaMigration.swift */,
				A2APPERRORPRES0000001 /* AppErrorPresenter.swift */,
				A20000000000000000000018 /* DistanceCalculator.swift */,
				A2TRAILHOUNDMOTION00000001 /* TrailhoundMotion.swift */,
				A2GLASSSTYLE000000000001 /* GlassStyle.swift */,
				A2UITESTSUPPORT00000001 /* UITestSupport.swift */,
				A2TRAILHOUNDSOUNDS00000001 /* TrailhoundSounds.swift */,
				A20000000000000000000020 /* AppSettings.swift */,
				A20000000000000000000021 /* PreviewData.swift */,
				A2TABSELECTION000001 /* TabSelection.swift */,
				A2TRIPSTORE000000000001 /* TripStore.swift */,
				A2TRIPDATEGROUP000000001 /* TripDateGrouping.swift */,
				A2TRIPMAPSNAP00000000001 /* TripMapSnapshotCache.swift */,
				A2CATEGORYSEEDER00000001 /* CategorySeeder.swift */,
				A2L10N00000000000000001 /* L10n.swift */,
				A2ROUTEPRIVCLIP0000001 /* RoutePrivacyClipper.swift */,
				A2TRIPSHARECARD0000001 /* TripShareCardRenderer.swift */,
				A2TODAYKMPROV00000001 /* TodayKmProvider.swift */,
			);
			path = Utilities;
			sourceTree = "<group>";
		};
		A5000000000000000000000A /* Intents */ = {
			isa = PBXGroup;
			children = (
				F138262CDC1E4889B99374A4 /* TripRecordingIntents.swift */,
			);
			path = Intents;
			sourceTree = "<group>";
		};
		B50000000000000000000001 /* TrailhoundShared */ = {
			isa = PBXGroup;
			children = (
				B20000000000000000000020 /* DateFormatters.swift */,
				B20000000000000000000021 /* SharedL10n.swift */,
				B20000000000000000000022 /* TrailhoundBrandColors.swift */,
				B20000000000000000000004 /* TripRecordingAttributes.swift */,
				B20000000000000000000003 /* RecordingCarAnimationView.swift */,
				B20000000000000000000009 /* RecordingControlBridge.swift */,
				B20000000000000000000011 /* AppNotificationArchive.swift */,
				B2DEVLOG0000000000001 /* DevLog.swift */,
			);
			path = TrailhoundShared;
			sourceTree = "<group>";
		};
		B50000000000000000000002 /* TrailhoundWidget */ = {
			isa = PBXGroup;
			children = (
				B20000000000000000000005 /* TrailhoundWidget.swift */,
				B20000000000000000000023 /* TrailhoundLockScreenWidget.swift */,
				B20000000000000000000006 /* WidgetRecordingIntents.swift */,
				B20000000000000000000007 /* Info.plist */,
				B20000000000000000000008 /* TrailhoundWidget.entitlements */,
			);
			path = TrailhoundWidget;
			sourceTree = "<group>";
		};
		EAD0FC18DADB4E359AC65213 /* TrailhoundTests */ = {
			isa = PBXGroup;
			children = (
				680C2C1FFFC24A558E0749EF /* CoreUtilityTests.swift */,
				0728089319F94FFD92D17398 /* SchemaAndRoutesTests.swift */,
				146E38A60EAA48E8998FE29E /* ExportServiceTests.swift */,
				D27C68D0744C4C15A3A90CA5 /* VehiclePairingServiceTests.swift */,
				5F72FCAD53FB446AB328BFDB /* RecordingAndTripStoreTests.swift */,
				503EDD2BA22145E29CA8E8CF /* AppNotificationStoreTests.swift */,
				FEB9972A494149F39AC324E8 /* PlaceMatchingServiceTests.swift */,
				B25051FE8D9646B29D5CB399 /* TripMergeServiceTests.swift */,
				88CDA56F4C5F4F17B7BA444B /* SharedUtilityTests.swift */,
				F1CACB072FD14826A77B2F07 /* AsyncTestHelpers.swift */,
				AA172385AFDA42598F25DB54 /* DeviceTestChecklist.swift */,
				9B57D663C0CE4CCEA7248CD7 /* StatsViewModelTests.swift */,
				08C87FC8A26C4A6EA398957B /* TripListViewModelTests.swift */,
				D20A66CD27F5441FBFBED1DA /* TripMapFitTests.swift */,
			);
			path = TrailhoundTests;
			sourceTree = "<group>";
		};
		UITESTGRP00000000000001 /* TrailhoundUITests */ = {
			isa = PBXGroup;
			children = (
				D21645BDE12E4D84BEA2D551 /* TrailhoundUITests.swift */,
			);
			path = TrailhoundUITests;
			sourceTree = "<group>";
		};
/* End PBXGroup section */

/* Begin PBXNativeTarget section */
		61A9B5A53A1E4338A2C7C79D /* TrailhoundTests */ = {
			isa = PBXNativeTarget;
			buildConfigurationList = B8189A8ACEBC4882B91838E8 /* Build configuration list for PBXNativeTarget "TrailhoundTests" */;
			buildPhases = (
				0CB5EC5CDD2143B581DB8157 /* Sources */,
				95D6D8A49C9947FBA6450329 /* Frameworks */,
			);
			buildRules = (
			);
			dependencies = (
				B90000000000000000000002 /* PBXTargetDependency */,
			);
			name = TrailhoundTests;
			productName = TrailhoundTests;
			productReference = 3C4D5673496049A7A905249D /* TrailhoundTests.xctest */;
			productType = "com.apple.product-type.bundle.unit-test";
		};
		UITESTTGT00000000000001 /* TrailhoundUITests */ = {
			isa = PBXNativeTarget;
			buildConfigurationList = UITESTCFG00000000000001 /* Build configuration list for PBXNativeTarget "TrailhoundUITests" */;
			buildPhases = (
				UITESTSRC00000000000001 /* Sources */,
				UITESTFRM00000000000001 /* Frameworks */,
			);
			buildRules = (
			);
			dependencies = (
				UITESTDEP00000000000001 /* PBXTargetDependency */,
			);
			name = TrailhoundUITests;
			productName = TrailhoundUITests;
			productReference = UITESTPRD00000000000001 /* TrailhoundUITests.xctest */;
			productType = "com.apple.product-type.bundle.ui-testing";
		};
		A60000000000000000000001 /* Trailhound */ = {
			isa = PBXNativeTarget;
			buildConfigurationList = A80000000000000000000003 /* Build configuration list for PBXNativeTarget "Trailhound" */;
			buildPhases = (
				A70000000000000000000001 /* Sources */,
				A40000000000000000000001 /* Frameworks */,
				A70000000000000000000002 /* Resources */,
				B80000000000000000000001 /* Embed Foundation Extensions */,
			);
			buildRules = (
			);
			dependencies = (
				B90000000000000000000001 /* PBXTargetDependency */,
			);
			name = Trailhound;
			productName = Trailhound;
			productReference = A30000000000000000000001 /* Trailhound.app */;
			productType = "com.apple.product-type.application";
		};
		B60000000000000000000001 /* TrailhoundWidgetExtension */ = {
			isa = PBXNativeTarget;
			buildConfigurationList = B80000000000000000000003 /* Build configuration list for PBXNativeTarget "TrailhoundWidgetExtension" */;
			buildPhases = (
				B70000000000000000000001 /* Sources */,
				B40000000000000000000001 /* Frameworks */,
				B70000000000000000000002 /* Resources */,
			);
			buildRules = (
			);
			dependencies = (
			);
			name = TrailhoundWidgetExtension;
			productName = TrailhoundWidgetExtension;
			productReference = B30000000000000000000001 /* TrailhoundWidgetExtension.appex */;
			productType = "com.apple.product-type.app-extension";
		};
/* End PBXNativeTarget section */

/* Begin PBXProject section */
		A90000000000000000000001 /* Project object */ = {
			isa = PBXProject;
			attributes = {
				BuildIndependentTargetsInParallel = 1;
				LastSwiftUpdateCheck = 2600;
				LastUpgradeCheck = 2660;
				TargetAttributes = {
					A60000000000000000000001 = {
						CreatedOnToolsVersion = 26.0;
					};
				};
			};
			buildConfigurationList = A80000000000000000000001 /* Build configuration list for PBXProject "Trailhound" */;
			compatibilityVersion = "Xcode 14.0";
            developmentRegion = en;
			hasScannedForEncodings = 0;
			knownRegions = (
				en,
				tr,
				Base,
			);
			mainGroup = A50000000000000000000001;
			productRefGroup = A50000000000000000000003 /* Products */;
			projectDirPath = "";
			projectRoot = "";
			targets = (
				A60000000000000000000001 /* Trailhound */,
				B60000000000000000000001 /* TrailhoundWidgetExtension */,
				61A9B5A53A1E4338A2C7C79D /* TrailhoundTests */,
				UITESTTGT00000000000001 /* TrailhoundUITests */,
			);
		};
/* End PBXProject section */

/* Begin PBXResourcesBuildPhase section */
		A70000000000000000000002 /* Resources */ = {
			isa = PBXResourcesBuildPhase;
			buildActionMask = 2147483647;
			files = (
				A10000000000000000000022 /* Assets.xcassets in Resources */,
				A1TRIPSTARTCAF000000001 /* trip_start.caf in Resources */,
				A1TRIPSTOPCAF0000000001 /* trip_stop.caf in Resources */,
				A1TRAILHOUNDICON000000001 /* Trailhound.icon in Resources */,
				A10000000000000000000028 /* PrivacyInfo.xcprivacy in Resources */,
				A1LOCALIZABLE00000000001 /* Localizable.xcstrings in Resources */,
				A1INFOPLISTXC0000001 /* InfoPlist.xcstrings in Resources */,
			);
			runOnlyForDeploymentPostprocessing = 0;
		};
		B70000000000000000000002 /* Resources */ = {
			isa = PBXResourcesBuildPhase;
			buildActionMask = 2147483647;
			files = (
				B10000000000000000000013 /* Localizable.xcstrings in Resources */,
			);
			runOnlyForDeploymentPostprocessing = 0;
		};
/* End PBXResourcesBuildPhase section */

/* Begin PBXSourcesBuildPhase section */
		0CB5EC5CDD2143B581DB8157 /* Sources */ = {
			isa = PBXSourcesBuildPhase;
			buildActionMask = 2147483647;
			files = (
				31A99118C450455A9EB126A3 /* CoreUtilityTests.swift in Sources */,
				6D5145689BBA401E9F9A6B4E /* SchemaAndRoutesTests.swift in Sources */,
				70B0F38EDDB34766A54C800C /* ExportServiceTests.swift in Sources */,
				84485053D86C4C36B1C08176 /* VehiclePairingServiceTests.swift in Sources */,
				34963008383C46C9AED3EB3F /* RecordingAndTripStoreTests.swift in Sources */,
				79AF138CC27D42D5A5706CE0 /* AppNotificationStoreTests.swift in Sources */,
				2F9B0A4F1BE54805A33ABEFE /* PlaceMatchingServiceTests.swift in Sources */,
				FDC70700ED3E453AB0C0717C /* TripMergeServiceTests.swift in Sources */,
				453BA3010284438C8CDF8625 /* SharedUtilityTests.swift in Sources */,
				758E16EF823A4C11AF63E386 /* AsyncTestHelpers.swift in Sources */,
				E6D65ED49D8B4A9DB86D1780 /* DeviceTestChecklist.swift in Sources */,
				5A2B518B13004DE0B03A23C7 /* StatsViewModelTests.swift in Sources */,
				7CA556B1354841968D6A7B6A /* TripListViewModelTests.swift in Sources */,
				11F35147CE734D97BC54018F /* TripMapFitTests.swift in Sources */,
			);
			runOnlyForDeploymentPostprocessing = 0;
		};
		UITESTSRC00000000000001 /* Sources */ = {
			isa = PBXSourcesBuildPhase;
			buildActionMask = 2147483647;
			files = (
				FE66D8F632864E20B28005DB /* TrailhoundUITests.swift in Sources */,
			);
			runOnlyForDeploymentPostprocessing = 0;
		};
		A70000000000000000000001 /* Sources */ = {
			isa = PBXSourcesBuildPhase;
			buildActionMask = 2147483647;
			files = (
				A10000000000000000000001 /* TrailhoundApp.swift in Sources */,
				A10000000000000000000002 /* ContentView.swift in Sources */,
				A10000000000000000000003 /* Trip.swift in Sources */,
				A10000000000000000000004 /* TripPoint.swift in Sources */,
				A10000000000000000000005 /* LocationService.swift in Sources */,
				A10000000000000000000006 /* TripRecordingService.swift in Sources */,
				A10000000000000000000007 /* GeocodingService.swift in Sources */,
				A10000000000000000000011 /* TripListViewModel.swift in Sources */,
				A10000000000000000000012 /* TripDetailViewModel.swift in Sources */,
				A10000000000000000000013 /* TripListView.swift in Sources */,
				A10000000000000000000014 /* TripRowView.swift in Sources */,
				A10000000000000000000015 /* TripDetailView.swift in Sources */,
				A10000000000000000000016 /* ActiveTripView.swift in Sources */,
				A1RECCOLDOPEN0000000001 /* RecordingColdOpenOverlay.swift in Sources */,
				A1RECENDCREDITS00000001 /* RecordingEndCreditsView.swift in Sources */,
				A1ONBOARDING00000000001 /* OnboardingView.swift in Sources */,
				A1PERMBANNER00000000001 /* PermissionBanner.swift in Sources */,
				A10000000000000000000017 /* SettingsView.swift in Sources */,
				A10000000000000000000018 /* DistanceCalculator.swift in Sources */,
				A1TRAILHOUNDMOTION00000001 /* TrailhoundMotion.swift in Sources */,
				A1GLASSSTYLE000000000001 /* GlassStyle.swift in Sources */,
				A1UITESTSUPPORT00000001 /* UITestSupport.swift in Sources */,
				A1TRAILHOUNDSOUNDS00000001 /* TrailhoundSounds.swift in Sources */,
				A10000000000000000000020 /* AppSettings.swift in Sources */,
				A10000000000000000000021 /* PreviewData.swift in Sources */,
				A10000000000000000000023 /* AppDelegate.swift in Sources */,
				A1APPSERVICES00000001 /* AppServices.swift in Sources */,
				A2TRIPSTORE000000000002 /* TripStore.swift in Sources */,
				A2TRIPDATEGROUP000000002 /* TripDateGrouping.swift in Sources */,
				A2TRIPMAPSNAP00000000002 /* TripMapSnapshotCache.swift in Sources */,
				F7584F1172694F06905495CC /* TripEnums.swift in Sources */,
				D571EE3610834ECBBB0727B6 /* SavedPlace.swift in Sources */,
				1498DD740E004FB9AC44D2F3 /* TripStop.swift in Sources */,
				C8C052893E0441E8AC928742 /* NetworkMonitor.swift in Sources */,
				F2E1D0C9B8A7465091E2F3A4 /* KeyboardDismiss.swift in Sources */,
				A1USERCATEGORY00000000001 /* UserCategory.swift in Sources */,
				A1CATEGORYSEEDER00000001 /* CategorySeeder.swift in Sources */,
				A1L10N00000000000000001 /* L10n.swift in Sources */,
				A1CATMGMT00000000000001 /* CategoryManagementView.swift in Sources */,
				55259EE2E03648A4B6AAC434 /* FuelCostCalculator.swift in Sources */,
				C2D27E073A644138899E28CE /* ModelContainerFactory.swift in Sources */,
				0B85812565284933BEBC7212 /* GeocodingRetryService.swift in Sources */,
				9FC941CE9E154F36B46E5A02 /* PlaceMatchingService.swift in Sources */,
				F7BF388123F5473D83A90998 /* ExportService.swift in Sources */,
				6FD1FB9C54054D94B99EEDBC /* TripMergeService.swift in Sources */,
				BBE21ACDB3DA4B799692BA45 /* TripCleanupService.swift in Sources */,
				D1853EE7989041FC8B991467 /* AppLockService.swift in Sources */,
				A1VEHPAIRING00000001 /* VehiclePairingService.swift in Sources */,
				D10E4D3FDD254D86A5654E28 /* RecordingLiveActivityService.swift in Sources */,
				A1REC0BSERVER00000000001 /* RecordingRequestObserver.swift in Sources */,
				A1MATCHEDROUTE0000000001 /* MatchedRoutePoint.swift in Sources */,
				A1SCHEMAMIG0000000000001 /* TrailhoundSchemaMigration.swift in Sources */,
				A1TRIPRECOVERY0000000001 /* TripRecoveryService.swift in Sources */,
				A1RECSTOPPOLICY00000001 /* RecordingStopPolicy.swift in Sources */,
				A1RECSYNCCOORD00000001 /* RecordingSyncCoordinator.swift in Sources */,
				A1APPERRORPRES0000001 /* AppErrorPresenter.swift in Sources */,
				A1VEHICLEPROFILE00000001 /* VehicleProfile.swift in Sources */,
				A1FREQROUTES00000000001 /* FrequentRoutesService.swift in Sources */,
				A1ROUTEPRIVCLIP0000001 /* RoutePrivacyClipper.swift in Sources */,
				A1APPNOTIFSTORE00000001 /* AppNotificationStore.swift in Sources */,
				A1DEVLOGVIEW000000001 /* DevLogView.swift in Sources */,
				A1NOTIFLISTVIEW00000001 /* NotificationsListView.swift in Sources */,
				A1TRIPSHARECARD0000001 /* TripShareCardRenderer.swift in Sources */,
				A1TODAYKMPROV00000001 /* TodayKmProvider.swift in Sources */,
				A1VEHICLERESOLV000001 /* VehicleResolver.swift in Sources */,
				9DEF992CAAFE49179A961E87 /* TripRecordingIntents.swift in Sources */,
				C34CA953FA9445FC9738421B /* StatsViewModel.swift in Sources */,
				E5BA2FB0704F498A84A79A26 /* StatsView.swift in Sources */,
				3B1BCB066B68458F963D7027 /* PlacePickerView.swift in Sources */,
				4ED9865E047546A39C7E466C /* AppLockView.swift in Sources */,
				B70278C1D5B446EC8DE991B4 /* TripFilterChips.swift in Sources */,
				B10000000000000000000001 /* TripNotificationService.swift in Sources */,
				B10000000000000000000003 /* RecordingCarAnimationView.swift in Sources */,
				B10000000000000000000014 /* DateFormatters.swift in Sources */,
				B10000000000000000000016 /* SharedL10n.swift in Sources */,
				B10000000000000000000018 /* TrailhoundBrandColors.swift in Sources */,
				A1PAIRINGTAB000000001 /* PairingTabView.swift in Sources */,
				A1PAIRINGSHCUT000001 /* PairingShortcutsAutomationGuideView.swift in Sources */,
				A1PAIRINGVEHROW00001 /* PairingVehicleRow.swift in Sources */,
				A1PAIRINGSTYLE000001 /* PairingCardStyle.swift in Sources */,
				A1PAIRINGEMPTY000001 /* PairingEmptyState.swift in Sources */,
				A1PAIRINGEDIT000001 /* PairingVehicleEditorView.swift in Sources */,
				A1TABSELECTION000001 /* TabSelection.swift in Sources */,
				A1RECCARDSTYLE00000001 /* RecordingCardStyle.swift in Sources */,
				B10000000000000000000004 /* TripRecordingAttributes.swift in Sources */,
				B10000000000000000000008 /* RecordingControlBridge.swift in Sources */,
				B10000000000000000000011 /* AppNotificationArchive.swift in Sources */,
				B1DEVLOG0000000000001 /* DevLog.swift in Sources */,
			);
			runOnlyForDeploymentPostprocessing = 0;
		};
		B70000000000000000000001 /* Sources */ = {
			isa = PBXSourcesBuildPhase;
			buildActionMask = 2147483647;
			files = (
				B10000000000000000000005 /* TrailhoundWidget.swift in Sources */,
				B1000000000000000000001A /* TrailhoundLockScreenWidget.swift in Sources */,
				B10000000000000000000006 /* WidgetRecordingIntents.swift in Sources */,
				B10000000000000000000015 /* DateFormatters.swift in Sources */,
				B10000000000000000000017 /* SharedL10n.swift in Sources */,
				B10000000000000000000019 /* TrailhoundBrandColors.swift in Sources */,
				B10000000000000000000007 /* TripRecordingAttributes.swift in Sources */,
				B10000000000000000000009 /* RecordingControlBridge.swift in Sources */,
				B10000000000000000000012 /* AppNotificationArchive.swift in Sources */,
				B1DEVLOG0000000000002 /* DevLog.swift in Sources */,
			);
			runOnlyForDeploymentPostprocessing = 0;
		};
/* End PBXSourcesBuildPhase section */


/* Begin PBXTargetDependency section */
		B90000000000000000000001 /* PBXTargetDependency */ = {
			isa = PBXTargetDependency;
			target = B60000000000000000000001 /* TrailhoundWidgetExtension */;
			targetProxy = BA0000000000000000000001 /* PBXContainerItemProxy */;
		};
		B90000000000000000000002 /* PBXTargetDependency */ = {
			isa = PBXTargetDependency;
			target = A60000000000000000000001 /* Trailhound */;
			targetProxy = BA0000000000000000000002 /* PBXContainerItemProxy */;
		};
		UITESTDEP00000000000001 /* PBXTargetDependency */ = {
			isa = PBXTargetDependency;
			target = A60000000000000000000001 /* Trailhound */;
			targetProxy = BA0000000000000000000003 /* PBXContainerItemProxy */;
		};
/* End PBXTargetDependency section */

/* Begin XCBuildConfiguration section */
		A640FDEB8DE8400A908BC667 /* Debug */ = {
			isa = XCBuildConfiguration;
			buildSettings = {
				BUNDLE_LOADER = "$(TEST_HOST)";
				CODE_SIGN_STYLE = Automatic;
				CURRENT_PROJECT_VERSION = 1;
				GENERATE_INFOPLIST_FILE = YES;
				IPHONEOS_DEPLOYMENT_TARGET = 17.0;
				MARKETING_VERSION = 1.1;
				PRODUCT_BUNDLE_IDENTIFIER = com.trailhound.app.tests;
				PRODUCT_NAME = "$(TARGET_NAME)";
				SDKROOT = iphoneos;
				SWIFT_VERSION = 5.0;
				TARGETED_DEVICE_FAMILY = 1;
				TEST_HOST = "$(BUILT_PRODUCTS_DIR)/Trailhound.app/$(BUNDLE_EXECUTABLE_FOLDER_PATH)/Trailhound";
			};
			name = Debug;
		};
		AA0000000000000000000001 /* Debug */ = {
			isa = XCBuildConfiguration;
			buildSettings = {
				ALWAYS_SEARCH_USER_PATHS = NO;
				ASSETCATALOG_COMPILER_GENERATE_SWIFT_ASSET_SYMBOL_EXTENSIONS = YES;
				CLANG_ANALYZER_LOCALIZABILITY_NONLOCALIZED = YES;
				CLANG_ENABLE_MODULES = YES;
				CLANG_ENABLE_OBJC_ARC = YES;
				CLANG_WARN_BLOCK_CAPTURE_AUTORELEASING = YES;
				CLANG_WARN_BOOL_CONVERSION = YES;
				CLANG_WARN_COMMA = YES;
				CLANG_WARN_CONSTANT_CONVERSION = YES;
				CLANG_WARN_DEPRECATED_OBJC_IMPLEMENTATIONS = YES;
				CLANG_WARN_EMPTY_BODY = YES;
				CLANG_WARN_ENUM_CONVERSION = YES;
				CLANG_WARN_INFINITE_RECURSION = YES;
				CLANG_WARN_INT_CONVERSION = YES;
				CLANG_WARN_NON_LITERAL_NULL_CONVERSION = YES;
				CLANG_WARN_OBJC_IMPLICIT_RETAIN_SELF = YES;
				CLANG_WARN_OBJC_LITERAL_CONVERSION = YES;
				CLANG_WARN_QUOTED_INCLUDE_IN_FRAMEWORK_HEADER = YES;
				CLANG_WARN_RANGE_LOOP_ANALYSIS = YES;
				CLANG_WARN_STRICT_PROTOTYPES = YES;
				CLANG_WARN_SUSPICIOUS_MOVE = YES;
				CLANG_WARN_UNREACHABLE_CODE = YES;
				CLANG_WARN__DUPLICATE_METHOD_MATCH = YES;
				COPY_PHASE_STRIP = NO;
				DEBUG_INFORMATION_FORMAT = dwarf;
				ENABLE_STRICT_OBJC_MSGSEND = YES;
				ENABLE_TESTABILITY = YES;
				ENABLE_USER_SCRIPT_SANDBOXING = YES;
				GCC_DYNAMIC_NO_PIC = NO;
				GCC_NO_COMMON_BLOCKS = YES;
				GCC_OPTIMIZATION_LEVEL = 0;
				GCC_PREPROCESSOR_DEFINITIONS = (
					"DEBUG=1",
					"$(inherited)",
				);
				GCC_WARN_64_TO_32_BIT_CONVERSION = YES;
				GCC_WARN_ABOUT_RETURN_TYPE = YES;
				GCC_WARN_UNDECLARED_SELECTOR = YES;
				GCC_WARN_UNINITIALIZED_AUTOS = YES;
				GCC_WARN_UNUSED_FUNCTION = YES;
				GCC_WARN_UNUSED_VARIABLE = YES;
				IPHONEOS_DEPLOYMENT_TARGET = 17.0;
				MTL_ENABLE_DEBUG_INFO = INCLUDE_SOURCE;
				ONLY_ACTIVE_ARCH = YES;
				SDKROOT = iphoneos;
				STRING_CATALOG_GENERATE_SYMBOLS = YES;
				SWIFT_ACTIVE_COMPILATION_CONDITIONS = "DEBUG $(inherited)";
				SWIFT_OPTIMIZATION_LEVEL = "-Onone";
			};
			name = Debug;
		};
		AA0000000000000000000002 /* Release */ = {
			isa = XCBuildConfiguration;
			buildSettings = {
				ALWAYS_SEARCH_USER_PATHS = NO;
				ASSETCATALOG_COMPILER_GENERATE_SWIFT_ASSET_SYMBOL_EXTENSIONS = YES;
				CLANG_ANALYZER_LOCALIZABILITY_NONLOCALIZED = YES;
				CLANG_ENABLE_MODULES = YES;
				CLANG_ENABLE_OBJC_ARC = YES;
				CLANG_WARN_BLOCK_CAPTURE_AUTORELEASING = YES;
				CLANG_WARN_BOOL_CONVERSION = YES;
				CLANG_WARN_COMMA = YES;
				CLANG_WARN_CONSTANT_CONVERSION = YES;
				CLANG_WARN_DEPRECATED_OBJC_IMPLEMENTATIONS = YES;
				CLANG_WARN_EMPTY_BODY = YES;
				CLANG_WARN_ENUM_CONVERSION = YES;
				CLANG_WARN_INFINITE_RECURSION = YES;
				CLANG_WARN_INT_CONVERSION = YES;
				CLANG_WARN_NON_LITERAL_NULL_CONVERSION = YES;
				CLANG_WARN_OBJC_IMPLICIT_RETAIN_SELF = YES;
				CLANG_WARN_OBJC_LITERAL_CONVERSION = YES;
				CLANG_WARN_QUOTED_INCLUDE_IN_FRAMEWORK_HEADER = YES;
				CLANG_WARN_RANGE_LOOP_ANALYSIS = YES;
				CLANG_WARN_STRICT_PROTOTYPES = YES;
				CLANG_WARN_SUSPICIOUS_MOVE = YES;
				CLANG_WARN_UNREACHABLE_CODE = YES;
				CLANG_WARN__DUPLICATE_METHOD_MATCH = YES;
				COPY_PHASE_STRIP = NO;
				DEBUG_INFORMATION_FORMAT = "dwarf-with-dsym";
				ENABLE_NS_ASSERTIONS = NO;
				ENABLE_STRICT_OBJC_MSGSEND = YES;
				ENABLE_USER_SCRIPT_SANDBOXING = YES;
				GCC_NO_COMMON_BLOCKS = YES;
				GCC_WARN_64_TO_32_BIT_CONVERSION = YES;
				GCC_WARN_ABOUT_RETURN_TYPE = YES;
				GCC_WARN_UNDECLARED_SELECTOR = YES;
				GCC_WARN_UNINITIALIZED_AUTOS = YES;
				GCC_WARN_UNUSED_FUNCTION = YES;
				GCC_WARN_UNUSED_VARIABLE = YES;
				IPHONEOS_DEPLOYMENT_TARGET = 17.0;
				MTL_ENABLE_DEBUG_INFO = NO;
				SDKROOT = iphoneos;
				STRING_CATALOG_GENERATE_SYMBOLS = YES;
				SWIFT_COMPILATION_MODE = wholemodule;
				VALIDATE_PRODUCT = YES;
			};
			name = Release;
		};
		AA0000000000000000000003 /* Debug */ = {
			isa = XCBuildConfiguration;
			buildSettings = {
				ASSETCATALOG_COMPILER_APPICON_NAME = Trailhound;
				ASSETCATALOG_COMPILER_GLOBAL_ACCENT_COLOR_NAME = AccentColor;
				CODE_SIGN_ENTITLEMENTS = Trailhound/Trailhound.entitlements;
				CODE_SIGN_STYLE = Automatic;
				CURRENT_PROJECT_VERSION = 1;
				DEVELOPMENT_TEAM = Y7UM9FFXZ7;
				ENABLE_PREVIEWS = YES;
				GENERATE_INFOPLIST_FILE = YES;
				INFOPLIST_FILE = Trailhound/Info.plist;
				INFOPLIST_KEY_CFBundleDisplayName = Trailhound;
				INFOPLIST_KEY_LSApplicationCategoryType = "public.app-category.travel";
				INFOPLIST_KEY_NSFaceIDUsageDescription = "Face ID is used to protect your trip history.";
				INFOPLIST_KEY_NSLocationAlwaysAndWhenInUseUsageDescription = "Location access is required for background trip recording.";
				INFOPLIST_KEY_NSLocationWhenInUseUsageDescription = "We need your location to record your trips.";
				INFOPLIST_KEY_NSSupportsLiveActivities = YES;
				INFOPLIST_KEY_NSUserNotificationsUsageDescription = "Yolculuk başladığında ve bittiğinde bildirim göndermek için kullanılır.";
				INFOPLIST_KEY_UIApplicationSupportsIndirectInputEvents = YES;
				INFOPLIST_KEY_UIBackgroundModes = location;
				INFOPLIST_KEY_UILaunchScreen_Generation = YES;
				INFOPLIST_KEY_UISupportedInterfaceOrientations = UIInterfaceOrientationPortrait;
				INFOPLIST_KEY_UISupportedInterfaceOrientations_iPad = "UIInterfaceOrientationPortrait UIInterfaceOrientationPortraitUpsideDown UIInterfaceOrientationLandscapeLeft UIInterfaceOrientationLandscapeRight";
				LD_RUNPATH_SEARCH_PATHS = (
					"$(inherited)",
					"@executable_path/Frameworks",
				);
				MARKETING_VERSION = 1.1;
				PRODUCT_BUNDLE_IDENTIFIER = com.trailhound.app;
				PRODUCT_NAME = "$(TARGET_NAME)";
				SUPPORTED_PLATFORMS = "iphoneos iphonesimulator";
				SUPPORTS_MACCATALYST = NO;
				SWIFT_EMIT_LOC_STRINGS = YES;
				SWIFT_STRICT_CONCURRENCY = complete;
				SWIFT_VERSION = 5.0;
				TARGETED_DEVICE_FAMILY = 1;
			};
			name = Debug;
		};
		AA0000000000000000000004 /* Release */ = {
			isa = XCBuildConfiguration;
			buildSettings = {
				ASSETCATALOG_COMPILER_APPICON_NAME = Trailhound;
				ASSETCATALOG_COMPILER_GLOBAL_ACCENT_COLOR_NAME = AccentColor;
				CODE_SIGN_ENTITLEMENTS = Trailhound/Trailhound.entitlements;
				CODE_SIGN_STYLE = Automatic;
				CURRENT_PROJECT_VERSION = 1;
				DEVELOPMENT_TEAM = Y7UM9FFXZ7;
				ENABLE_PREVIEWS = YES;
				GENERATE_INFOPLIST_FILE = YES;
				INFOPLIST_FILE = Trailhound/Info.plist;
				INFOPLIST_KEY_CFBundleDisplayName = Trailhound;
				INFOPLIST_KEY_LSApplicationCategoryType = "public.app-category.travel";
				INFOPLIST_KEY_NSFaceIDUsageDescription = "Face ID is used to protect your trip history.";
				INFOPLIST_KEY_NSLocationAlwaysAndWhenInUseUsageDescription = "Location access is required for background trip recording.";
				INFOPLIST_KEY_NSLocationWhenInUseUsageDescription = "We need your location to record your trips.";
				INFOPLIST_KEY_NSSupportsLiveActivities = YES;
				INFOPLIST_KEY_NSUserNotificationsUsageDescription = "Yolculuk başladığında ve bittiğinde bildirim göndermek için kullanılır.";
				INFOPLIST_KEY_UIApplicationSupportsIndirectInputEvents = YES;
				INFOPLIST_KEY_UIBackgroundModes = location;
				INFOPLIST_KEY_UILaunchScreen_Generation = YES;
				INFOPLIST_KEY_UISupportedInterfaceOrientations = UIInterfaceOrientationPortrait;
				INFOPLIST_KEY_UISupportedInterfaceOrientations_iPad = "UIInterfaceOrientationPortrait UIInterfaceOrientationPortraitUpsideDown UIInterfaceOrientationLandscapeLeft UIInterfaceOrientationLandscapeRight";
				LD_RUNPATH_SEARCH_PATHS = (
					"$(inherited)",
					"@executable_path/Frameworks",
				);
				MARKETING_VERSION = 1.1;
				PRODUCT_BUNDLE_IDENTIFIER = com.trailhound.app;
				PRODUCT_NAME = "$(TARGET_NAME)";
				SUPPORTED_PLATFORMS = "iphoneos iphonesimulator";
				SUPPORTS_MACCATALYST = NO;
				SWIFT_EMIT_LOC_STRINGS = YES;
				SWIFT_STRICT_CONCURRENCY = complete;
				SWIFT_VERSION = 5.0;
				TARGETED_DEVICE_FAMILY = 1;
			};
			name = Release;
		};
		BB0000000000000000000001 /* Debug */ = {
			isa = XCBuildConfiguration;
			buildSettings = {
				APPLICATION_EXTENSION_API_ONLY = YES;
				CODE_SIGN_ENTITLEMENTS = TrailhoundWidget/TrailhoundWidget.entitlements;
				CODE_SIGN_STYLE = Automatic;
				CURRENT_PROJECT_VERSION = 1;
				DEVELOPMENT_TEAM = Y7UM9FFXZ7;
				GENERATE_INFOPLIST_FILE = YES;
				INFOPLIST_FILE = TrailhoundWidget/Info.plist;
				INFOPLIST_KEY_CFBundleDisplayName = TrailhoundWidget;
				INFOPLIST_KEY_NSHumanReadableCopyright = "";
				IPHONEOS_DEPLOYMENT_TARGET = 17.0;
				LD_RUNPATH_SEARCH_PATHS = (
					"$(inherited)",
					"@executable_path/Frameworks",
					"@executable_path/../../Frameworks",
				);
				MARKETING_VERSION = 1.1;
				PRODUCT_BUNDLE_IDENTIFIER = com.trailhound.app.widget;
				PRODUCT_NAME = "$(TARGET_NAME)";
				SKIP_INSTALL = YES;
				SWIFT_EMIT_LOC_STRINGS = YES;
				SWIFT_STRICT_CONCURRENCY = complete;
				SWIFT_VERSION = 5.0;
				TARGETED_DEVICE_FAMILY = 1;
			};
			name = Debug;
		};
		BB0000000000000000000002 /* Release */ = {
			isa = XCBuildConfiguration;
			buildSettings = {
				APPLICATION_EXTENSION_API_ONLY = YES;
				CODE_SIGN_ENTITLEMENTS = TrailhoundWidget/TrailhoundWidget.entitlements;
				CODE_SIGN_STYLE = Automatic;
				CURRENT_PROJECT_VERSION = 1;
				DEVELOPMENT_TEAM = Y7UM9FFXZ7;
				GENERATE_INFOPLIST_FILE = YES;
				INFOPLIST_FILE = TrailhoundWidget/Info.plist;
				INFOPLIST_KEY_CFBundleDisplayName = TrailhoundWidget;
				INFOPLIST_KEY_NSHumanReadableCopyright = "";
				IPHONEOS_DEPLOYMENT_TARGET = 17.0;
				LD_RUNPATH_SEARCH_PATHS = (
					"$(inherited)",
					"@executable_path/Frameworks",
					"@executable_path/../../Frameworks",
				);
				MARKETING_VERSION = 1.1;
				PRODUCT_BUNDLE_IDENTIFIER = com.trailhound.app.widget;
				PRODUCT_NAME = "$(TARGET_NAME)";
				SKIP_INSTALL = YES;
				SWIFT_EMIT_LOC_STRINGS = YES;
				SWIFT_STRICT_CONCURRENCY = complete;
				SWIFT_VERSION = 5.0;
				TARGETED_DEVICE_FAMILY = 1;
			};
			name = Release;
		};
		FEBF097F62864160B81FDA6C /* Release */ = {
			isa = XCBuildConfiguration;
			buildSettings = {
				BUNDLE_LOADER = "$(TEST_HOST)";
				CODE_SIGN_STYLE = Automatic;
				CURRENT_PROJECT_VERSION = 1;
				GENERATE_INFOPLIST_FILE = YES;
				IPHONEOS_DEPLOYMENT_TARGET = 17.0;
				MARKETING_VERSION = 1.1;
				PRODUCT_BUNDLE_IDENTIFIER = com.trailhound.app.tests;
				PRODUCT_NAME = "$(TARGET_NAME)";
				SDKROOT = iphoneos;
				SWIFT_VERSION = 5.0;
				TARGETED_DEVICE_FAMILY = 1;
				TEST_HOST = "$(BUILT_PRODUCTS_DIR)/Trailhound.app/$(BUNDLE_EXECUTABLE_FOLDER_PATH)/Trailhound";
			};
			name = Release;
		};
		UITESTDBG00000000000001 /* Debug */ = {
			isa = XCBuildConfiguration;
			buildSettings = {
				CODE_SIGN_STYLE = Automatic;
				CURRENT_PROJECT_VERSION = 1;
				GENERATE_INFOPLIST_FILE = YES;
				IPHONEOS_DEPLOYMENT_TARGET = 17.0;
				MARKETING_VERSION = 1.1;
				PRODUCT_BUNDLE_IDENTIFIER = com.trailhound.app.uitests;
				PRODUCT_NAME = "$(TARGET_NAME)";
				SDKROOT = iphoneos;
				SWIFT_VERSION = 5.0;
				TARGETED_DEVICE_FAMILY = 1;
				TEST_TARGET_NAME = Trailhound;
			};
			name = Debug;
		};
		UITESTREL00000000000001 /* Release */ = {
			isa = XCBuildConfiguration;
			buildSettings = {
				CODE_SIGN_STYLE = Automatic;
				CURRENT_PROJECT_VERSION = 1;
				GENERATE_INFOPLIST_FILE = YES;
				IPHONEOS_DEPLOYMENT_TARGET = 17.0;
				MARKETING_VERSION = 1.1;
				PRODUCT_BUNDLE_IDENTIFIER = com.trailhound.app.uitests;
				PRODUCT_NAME = "$(TARGET_NAME)";
				SDKROOT = iphoneos;
				SWIFT_VERSION = 5.0;
				TARGETED_DEVICE_FAMILY = 1;
				TEST_TARGET_NAME = Trailhound;
			};
			name = Release;
		};
/* End XCBuildConfiguration section */

/* Begin XCConfigurationList section */
		A80000000000000000000001 /* Build configuration list for PBXProject "Trailhound" */ = {
			isa = XCConfigurationList;
			buildConfigurations = (
				AA0000000000000000000001 /* Debug */,
				AA0000000000000000000002 /* Release */,
			);
			defaultConfigurationIsVisible = 0;
			defaultConfigurationName = Release;
		};
		A80000000000000000000003 /* Build configuration list for PBXNativeTarget "Trailhound" */ = {
			isa = XCConfigurationList;
			buildConfigurations = (
				AA0000000000000000000003 /* Debug */,
				AA0000000000000000000004 /* Release */,
			);
			defaultConfigurationIsVisible = 0;
			defaultConfigurationName = Release;
		};
		B80000000000000000000003 /* Build configuration list for PBXNativeTarget "TrailhoundWidgetExtension" */ = {
			isa = XCConfigurationList;
			buildConfigurations = (
				BB0000000000000000000001 /* Debug */,
				BB0000000000000000000002 /* Release */,
			);
			defaultConfigurationIsVisible = 0;
			defaultConfigurationName = Release;
		};
		B8189A8ACEBC4882B91838E8 /* Build configuration list for PBXNativeTarget "TrailhoundTests" */ = {
			isa = XCConfigurationList;
			buildConfigurations = (
				A640FDEB8DE8400A908BC667 /* Debug */,
				FEBF097F62864160B81FDA6C /* Release */,
			);
			defaultConfigurationIsVisible = 0;
			defaultConfigurationName = Release;
		};
		UITESTCFG00000000000001 /* Build configuration list for PBXNativeTarget "TrailhoundUITests" */ = {
			isa = XCConfigurationList;
			buildConfigurations = (
				UITESTDBG00000000000001 /* Debug */,
				UITESTREL00000000000001 /* Release */,
			);
			defaultConfigurationIsVisible = 0;
			defaultConfigurationName = Release;
		};
/* End XCConfigurationList section */
	};
	rootObject = A90000000000000000000001 /* Project object */;
}
